// !$*UTF8*$!
{
	archiveVersion = 1;
	classes = {
	};
	objectVersion = 55;
	objects = {

/* Begin PBXBuildFile section */
		121BD4E42B344B58000126C6 /* SearchBarView.swift in Sources */ = {isa = PBXBuildFile; fileRef = 121BD4E32B344B58000126C6 /* SearchBarView.swift */; };
		121BD4E62B344D05000126C6 /* UIApplication.swift in Sources */ = {isa = PBXBuildFile; fileRef = 121BD4E52B344D05000126C6 /* UIApplication.swift */; };
		121F495A2B2DCCC3000CD3BB /* LocalCacheImage.swift in Sources */ = {isa = PBXBuildFile; fileRef = 121F49592B2DCCC3000CD3BB /* LocalCacheImage.swift */; };
		123612E92B2480A10087B346 /* LaunchView.swift in Sources */ = {isa = PBXBuildFile; fileRef = 123612E82B2480A10087B346 /* LaunchView.swift */; };
		123612F02B2489B00087B346 /* Launch Screen.storyboard in Resources */ = {isa = PBXBuildFile; fileRef = 123612EF2B2489B00087B346 /* Launch Screen.storyboard */; };
		125D25A82BE0A95F002967F4 /* VirtualTryButtonView.swift in Sources */ = {isa = PBXBuildFile; fileRef = 125D25A72BE0A95F002967F4 /* VirtualTryButtonView.swift */; };
		1263ED9F2B6FFB8400658725 /* CartButtonView.swift in Sources */ = {isa = PBXBuildFile; fileRef = 1263ED9C2B6FFB8300658725 /* CartButtonView.swift */; };
		1263EDA02B6FFB8400658725 /* CartProductViewCell.swift in Sources */ = {isa = PBXBuildFile; fileRef = 1263ED9D2B6FFB8400658725 /* CartProductViewCell.swift */; };
		1263EDA12B6FFB8400658725 /* CartView.swift in Sources */ = {isa = PBXBuildFile; fileRef = 1263ED9E2B6FFB8400658725 /* CartView.swift */; };
		1295C06F2B30881D00C1F4CA /* OffersView.swift in Sources */ = {isa = PBXBuildFile; fileRef = 1295C06E2B30881D00C1F4CA /* OffersView.swift */; };
		12A2DE462B2FBDEF0027A253 /* SubCategoryViewModel.swift in Sources */ = {isa = PBXBuildFile; fileRef = 12A2DE452B2FBDEF0027A253 /* SubCategoryViewModel.swift */; };
		12A2DE4A2B2FC1230027A253 /* Product.swift in Sources */ = {isa = PBXBuildFile; fileRef = 12A2DE492B2FC1230027A253 /* Product.swift */; };
		12A2DE4C2B2FC16B0027A253 /* ProductViewModel.swift in Sources */ = {isa = PBXBuildFile; fileRef = 12A2DE4B2B2FC16B0027A253 /* ProductViewModel.swift */; };
		12A2DE4E2B2FC1DB0027A253 /* ProductView.swift in Sources */ = {isa = PBXBuildFile; fileRef = 12A2DE4D2B2FC1DB0027A253 /* ProductView.swift */; };
		12A2DE522B2FC4640027A253 /* ProductItemView.swift in Sources */ = {isa = PBXBuildFile; fileRef = 12A2DE512B2FC4640027A253 /* ProductItemView.swift */; };
		12A2DE542B2FC5FB0027A253 /* ProductDetailView.swift in Sources */ = {isa = PBXBuildFile; fileRef = 12A2DE532B2FC5FB0027A253 /* ProductDetailView.swift */; };
		12BE291F2B2F94ED00049E36 /* QuickCategoryView.swift in Sources */ = {isa = PBXBuildFile; fileRef = 12BE291E2B2F94ED00049E36 /* QuickCategoryView.swift */; };
		12BE29222B2F958300049E36 /* HomeViewModel.swift in Sources */ = {isa = PBXBuildFile; fileRef = 12BE29212B2F958300049E36 /* HomeViewModel.swift */; };
		12C8BABF2B3523D600AEA6C9 /* ImagePicker.swift in Sources */ = {isa = PBXBuildFile; fileRef = 12C8BABE2B3523D600AEA6C9 /* ImagePicker.swift */; };
		12D726012BE1C57400640C35 /* Swinject in Frameworks */ = {isa = PBXBuildFile; productRef = 12D726002BE1C57400640C35 /* Swinject */; };
		12D726042BE1C59400640C35 /* Alamofire in Frameworks */ = {isa = PBXBuildFile; productRef = 12D726032BE1C59400640C35 /* Alamofire */; };
		12EEBF312B246360003B0B0C /* HomeView.swift in Sources */ = {isa = PBXBuildFile; fileRef = 12EEBF302B246360003B0B0C /* HomeView.swift */; };
		12EEBF332B246362003B0B0C /* Assets.xcassets in Resources */ = {isa = PBXBuildFile; fileRef = 12EEBF322B246362003B0B0C /* Assets.xcassets */; };
		12EEBF362B246362003B0B0C /* Preview Assets.xcassets in Resources */ = {isa = PBXBuildFile; fileRef = 12EEBF352B246362003B0B0C /* Preview Assets.xcassets */; };
		5C11CCAB2B93338700A1ED63 /* Assets.swift in Sources */ = {isa = PBXBuildFile; fileRef = 5C11CCAA2B93338700A1ED63 /* Assets.swift */; };
		5C11CCAF2B94A15D00A1ED63 /* BackButton.swift in Sources */ = {isa = PBXBuildFile; fileRef = 5C11CCAE2B94A15D00A1ED63 /* BackButton.swift */; };
		5C361CC22B7808DD00232B94 /* QuickSubCategoryView.swift in Sources */ = {isa = PBXBuildFile; fileRef = 5C361CC12B7808DD00232B94 /* QuickSubCategoryView.swift */; };
		5C3EB6752BE1285D0093BE26 /* VirtualTryView.swift in Sources */ = {isa = PBXBuildFile; fileRef = 5C3EB6742BE1285D0093BE26 /* VirtualTryView.swift */; };
		5C3EB6772BE134600093BE26 /* VirtualTryViewModel.swift in Sources */ = {isa = PBXBuildFile; fileRef = 5C3EB6762BE134600093BE26 /* VirtualTryViewModel.swift */; };
		5C3EB6792BE141230093BE26 /* VirtualTryUseCase.swift in Sources */ = {isa = PBXBuildFile; fileRef = 5C3EB6782BE141230093BE26 /* VirtualTryUseCase.swift */; };
		5C3EB67B2BE141780093BE26 /* VirtualTryRepositories.swift in Sources */ = {isa = PBXBuildFile; fileRef = 5C3EB67A2BE141780093BE26 /* VirtualTryRepositories.swift */; };
		5C3EB67D2BE142C20093BE26 /* VirtualTrySourceRepositories.swift in Sources */ = {isa = PBXBuildFile; fileRef = 5C3EB67C2BE142C20093BE26 /* VirtualTrySourceRepositories.swift */; };
		5C3EB6802BE146B50093BE26 /* Cloudinary in Frameworks */ = {isa = PBXBuildFile; productRef = 5C3EB67F2BE146B50093BE26 /* Cloudinary */; };
		5C3EB6822BE14E440093BE26 /* VirtualTrySource.swift in Sources */ = {isa = PBXBuildFile; fileRef = 5C3EB6812BE14E440093BE26 /* VirtualTrySource.swift */; };
		5C3EB6842BE1723C0093BE26 /* UploadImage.swift in Sources */ = {isa = PBXBuildFile; fileRef = 5C3EB6832BE1723C0093BE26 /* UploadImage.swift */; };
		5C431D0F2B8750050091BF09 /* OfferSource.json in Resources */ = {isa = PBXBuildFile; fileRef = 5C91C4032B85B15500308218 /* OfferSource.json */; };
		5C431D122B893B520091BF09 /* ProductDetailViewModel.swift in Sources */ = {isa = PBXBuildFile; fileRef = 5C431D112B893B520091BF09 /* ProductDetailViewModel.swift */; };
		5C431D142B899CB50091BF09 /* ProductSourceDetail.json in Resources */ = {isa = PBXBuildFile; fileRef = 5C431D132B899CB50091BF09 /* ProductSourceDetail.json */; };
		5C431D162B89AB100091BF09 /* ProductSourceDetailRepositories.swift in Sources */ = {isa = PBXBuildFile; fileRef = 5C431D152B89AB100091BF09 /* ProductSourceDetailRepositories.swift */; };
		5C431D182B89ABF60091BF09 /* ProductSourceDetail.swift in Sources */ = {isa = PBXBuildFile; fileRef = 5C431D172B89ABF60091BF09 /* ProductSourceDetail.swift */; };
		5C431D1A2B89AC370091BF09 /* ProductDetailUseCase.swift in Sources */ = {isa = PBXBuildFile; fileRef = 5C431D192B89AC370091BF09 /* ProductDetailUseCase.swift */; };
		5C431D1C2B89ACA90091BF09 /* ProductDetailRepositories.swift in Sources */ = {isa = PBXBuildFile; fileRef = 5C431D1B2B89ACA90091BF09 /* ProductDetailRepositories.swift */; };
		5C431D1E2B89ACD90091BF09 /* ProductDetail.swift in Sources */ = {isa = PBXBuildFile; fileRef = 5C431D1D2B89ACD90091BF09 /* ProductDetail.swift */; };
		5C431D202B89B8310091BF09 /* ProductImagesSectionView.swift in Sources */ = {isa = PBXBuildFile; fileRef = 5C431D1F2B89B8310091BF09 /* ProductImagesSectionView.swift */; };
		5C431D222B89BA3B0091BF09 /* StepperView.swift in Sources */ = {isa = PBXBuildFile; fileRef = 5C431D212B89BA3B0091BF09 /* StepperView.swift */; };
		5C431D242B89BA7E0091BF09 /* ProductMetaView.swift in Sources */ = {isa = PBXBuildFile; fileRef = 5C431D232B89BA7E0091BF09 /* ProductMetaView.swift */; };
		5C431D262B89BACE0091BF09 /* AddToCartSectionView.swift in Sources */ = {isa = PBXBuildFile; fileRef = 5C431D252B89BACD0091BF09 /* AddToCartSectionView.swift */; };
		5C431D282B89BB3E0091BF09 /* ProductDescriptionSectionView.swift in Sources */ = {isa = PBXBuildFile; fileRef = 5C431D272B89BB3E0091BF09 /* ProductDescriptionSectionView.swift */; };
		5C431D2A2B89CF250091BF09 /* ProductColorsView.swift in Sources */ = {isa = PBXBuildFile; fileRef = 5C431D292B89CF250091BF09 /* ProductColorsView.swift */; };
		5C45B0872B8AF3CB00BE62F4 /* NavigationView.swift in Sources */ = {isa = PBXBuildFile; fileRef = 5C45B0862B8AF3CB00BE62F4 /* NavigationView.swift */; };
		5C45B0D82B8EFDA500BE62F4 /* CartProuctSectionView.swift in Sources */ = {isa = PBXBuildFile; fileRef = 5C45B0D72B8EFDA500BE62F4 /* CartProuctSectionView.swift */; };
		5C45B0DA2B8EFDB600BE62F4 /* CartPricingSectionView.swift in Sources */ = {isa = PBXBuildFile; fileRef = 5C45B0D92B8EFDB600BE62F4 /* CartPricingSectionView.swift */; };
		5C45B0DC2B8EFFEB00BE62F4 /* CartViewModel.swift in Sources */ = {isa = PBXBuildFile; fileRef = 5C45B0DB2B8EFFEB00BE62F4 /* CartViewModel.swift */; };
		5C45B0DE2B8F069200BE62F4 /* CartPromoCodeSection.swift in Sources */ = {isa = PBXBuildFile; fileRef = 5C45B0DD2B8F069200BE62F4 /* CartPromoCodeSection.swift */; };
		5C45B0E02B8F5C7800BE62F4 /* CartProduct.swift in Sources */ = {isa = PBXBuildFile; fileRef = 5C45B0DF2B8F5C7800BE62F4 /* CartProduct.swift */; };
		5C45B0E22B8F5D5C00BE62F4 /* CartUseCase.swift in Sources */ = {isa = PBXBuildFile; fileRef = 5C45B0E12B8F5D5C00BE62F4 /* CartUseCase.swift */; };
		5C45B0E42B8F5D7600BE62F4 /* CartRepositories.swift in Sources */ = {isa = PBXBuildFile; fileRef = 5C45B0E32B8F5D7600BE62F4 /* CartRepositories.swift */; };
		5C45B0E62B8F5E1E00BE62F4 /* CartProductSource.swift in Sources */ = {isa = PBXBuildFile; fileRef = 5C45B0E52B8F5E1D00BE62F4 /* CartProductSource.swift */; };
		5C45B0E82B8F5E8900BE62F4 /* CartSourceRepositories.swift in Sources */ = {isa = PBXBuildFile; fileRef = 5C45B0E72B8F5E8900BE62F4 /* CartSourceRepositories.swift */; };
		5C45B0EA2B8F687100BE62F4 /* Models+Extension.swift in Sources */ = {isa = PBXBuildFile; fileRef = 5C45B0E92B8F687100BE62F4 /* Models+Extension.swift */; };
		5C45B0ED2B8F81F600BE62F4 /* CartProductContainer.xcdatamodeld in Sources */ = {isa = PBXBuildFile; fileRef = 5C45B0EB2B8F81F600BE62F4 /* CartProductContainer.xcdatamodeld */; };
		5C45B0EF2B8F82AB00BE62F4 /* CoreDataManager.swift in Sources */ = {isa = PBXBuildFile; fileRef = 5C45B0EE2B8F82AB00BE62F4 /* CoreDataManager.swift */; };
		5C469C092B9716A2004DD1A0 /* Router.swift in Sources */ = {isa = PBXBuildFile; fileRef = 5C469C082B9716A2004DD1A0 /* Router.swift */; };
		5C469C0B2B9716B7004DD1A0 /* AppRouter.swift in Sources */ = {isa = PBXBuildFile; fileRef = 5C469C0A2B9716B7004DD1A0 /* AppRouter.swift */; };
		5C4F4CEE2BE7D2B90040FD9C /* AuthCoordinator.swift in Sources */ = {isa = PBXBuildFile; fileRef = 5C4F4CED2BE7D2B90040FD9C /* AuthCoordinator.swift */; };
		5C5A6D202B92114F0013E0B2 /* Color.swift in Sources */ = {isa = PBXBuildFile; fileRef = 5C5A6D1F2B92114F0013E0B2 /* Color.swift */; };
		5C713B6C2B83599C0040AE10 /* Offer.swift in Sources */ = {isa = PBXBuildFile; fileRef = 5C713B6B2B83599C0040AE10 /* Offer.swift */; };
		5C713B6E2B835AEA0040AE10 /* OffersRepositories.swift in Sources */ = {isa = PBXBuildFile; fileRef = 5C713B6D2B835AEA0040AE10 /* OffersRepositories.swift */; };
		5C713B702B835B2A0040AE10 /* OffersUseCase.swift in Sources */ = {isa = PBXBuildFile; fileRef = 5C713B6F2B835B2A0040AE10 /* OffersUseCase.swift */; };
		5C713B722B835B920040AE10 /* OfferSource.swift in Sources */ = {isa = PBXBuildFile; fileRef = 5C713B712B835B920040AE10 /* OfferSource.swift */; };
		5C713B742B835BD90040AE10 /* OffersSourceRepositories.swift in Sources */ = {isa = PBXBuildFile; fileRef = 5C713B732B835BD90040AE10 /* OffersSourceRepositories.swift */; };
		5C82AE882B76F461001742E8 /* Poppins-ExtraLightItalic.ttf in Resources */ = {isa = PBXBuildFile; fileRef = 5C82AE752B76F460001742E8 /* Poppins-ExtraLightItalic.ttf */; };
		5C82AE892B76F461001742E8 /* Poppins-Italic.ttf in Resources */ = {isa = PBXBuildFile; fileRef = 5C82AE762B76F460001742E8 /* Poppins-Italic.ttf */; };
		5C82AE8A2B76F461001742E8 /* Poppins-Light.ttf in Resources */ = {isa = PBXBuildFile; fileRef = 5C82AE772B76F460001742E8 /* Poppins-Light.ttf */; };
		5C82AE8B2B76F461001742E8 /* Poppins-ExtraBoldItalic.ttf in Resources */ = {isa = PBXBuildFile; fileRef = 5C82AE782B76F460001742E8 /* Poppins-ExtraBoldItalic.ttf */; };
		5C82AE8C2B76F461001742E8 /* OFL.txt in Resources */ = {isa = PBXBuildFile; fileRef = 5C82AE792B76F460001742E8 /* OFL.txt */; };
		5C82AE8D2B76F461001742E8 /* Poppins-LightItalic.ttf in Resources */ = {isa = PBXBuildFile; fileRef = 5C82AE7A2B76F460001742E8 /* Poppins-LightItalic.ttf */; };
		5C82AE8E2B76F461001742E8 /* Poppins-Medium.ttf in Resources */ = {isa = PBXBuildFile; fileRef = 5C82AE7B2B76F460001742E8 /* Poppins-Medium.ttf */; };
		5C82AE8F2B76F461001742E8 /* Poppins-ExtraBold.ttf in Resources */ = {isa = PBXBuildFile; fileRef = 5C82AE7C2B76F460001742E8 /* Poppins-ExtraBold.ttf */; };
		5C82AE902B76F461001742E8 /* Poppins-Bold.ttf in Resources */ = {isa = PBXBuildFile; fileRef = 5C82AE7D2B76F460001742E8 /* Poppins-Bold.ttf */; };
		5C82AE912B76F461001742E8 /* Poppins-ExtraLight.ttf in Resources */ = {isa = PBXBuildFile; fileRef = 5C82AE7E2B76F460001742E8 /* Poppins-ExtraLight.ttf */; };
		5C82AE922B76F461001742E8 /* Poppins-Thin.ttf in Resources */ = {isa = PBXBuildFile; fileRef = 5C82AE7F2B76F460001742E8 /* Poppins-Thin.ttf */; };
		5C82AE932B76F461001742E8 /* Poppins-BlackItalic.ttf in Resources */ = {isa = PBXBuildFile; fileRef = 5C82AE802B76F460001742E8 /* Poppins-BlackItalic.ttf */; };
		5C82AE942B76F461001742E8 /* Poppins-Black.ttf in Resources */ = {isa = PBXBuildFile; fileRef = 5C82AE812B76F460001742E8 /* Poppins-Black.ttf */; };
		5C82AE952B76F461001742E8 /* Poppins-ThinItalic.ttf in Resources */ = {isa = PBXBuildFile; fileRef = 5C82AE822B76F460001742E8 /* Poppins-ThinItalic.ttf */; };
		5C82AE962B76F461001742E8 /* Poppins-SemiBoldItalic.ttf in Resources */ = {isa = PBXBuildFile; fileRef = 5C82AE832B76F460001742E8 /* Poppins-SemiBoldItalic.ttf */; };
		5C82AE972B76F461001742E8 /* Poppins-BoldItalic.ttf in Resources */ = {isa = PBXBuildFile; fileRef = 5C82AE842B76F460001742E8 /* Poppins-BoldItalic.ttf */; };
		5C82AE982B76F461001742E8 /* Poppins-Regular.ttf in Resources */ = {isa = PBXBuildFile; fileRef = 5C82AE852B76F460001742E8 /* Poppins-Regular.ttf */; };
		5C82AE992B76F461001742E8 /* Poppins-MediumItalic.ttf in Resources */ = {isa = PBXBuildFile; fileRef = 5C82AE862B76F460001742E8 /* Poppins-MediumItalic.ttf */; };
		5C82AE9A2B76F461001742E8 /* Poppins-SemiBold.ttf in Resources */ = {isa = PBXBuildFile; fileRef = 5C82AE872B76F460001742E8 /* Poppins-SemiBold.ttf */; };
		5C82AE9C2B76F485001742E8 /* Fonts.swift in Sources */ = {isa = PBXBuildFile; fileRef = 5C82AE9B2B76F485001742E8 /* Fonts.swift */; };
		5C8E5DBE2BDFBB0000DEF02D /* BaseRequest.swift in Sources */ = {isa = PBXBuildFile; fileRef = 5C8E5DBD2BDFBB0000DEF02D /* BaseRequest.swift */; };
		5C8E5DC52BDFBB3900DEF02D /* RemoteError.swift in Sources */ = {isa = PBXBuildFile; fileRef = 5C8E5DC42BDFBB3900DEF02D /* RemoteError.swift */; };
		5C8E5DC72BDFBB6200DEF02D /* ResponseHandler.swift in Sources */ = {isa = PBXBuildFile; fileRef = 5C8E5DC62BDFBB6200DEF02D /* ResponseHandler.swift */; };
		5C8E5DC92BDFBB9100DEF02D /* ServiceLayer.swift in Sources */ = {isa = PBXBuildFile; fileRef = 5C8E5DC82BDFBB9100DEF02D /* ServiceLayer.swift */; };
		5C8E5DCB2BDFBBA400DEF02D /* Task.swift in Sources */ = {isa = PBXBuildFile; fileRef = 5C8E5DCA2BDFBBA400DEF02D /* Task.swift */; };
		5C8E5DCD2BDFC97C00DEF02D /* EndPoints.swift in Sources */ = {isa = PBXBuildFile; fileRef = 5C8E5DCC2BDFC97C00DEF02D /* EndPoints.swift */; };
		5C91C4002B84A17600308218 /* ProductSource.json in Resources */ = {isa = PBXBuildFile; fileRef = 5C91C3FF2B84A17600308218 /* ProductSource.json */; };
		5C91C4022B84A1FF00308218 /* JSONDecoder.swift in Sources */ = {isa = PBXBuildFile; fileRef = 5C91C4012B84A1FF00308218 /* JSONDecoder.swift */; };
		5C91C4102B85E34A00308218 /* HapticsManager.swift in Sources */ = {isa = PBXBuildFile; fileRef = 5C91C40F2B85E34A00308218 /* HapticsManager.swift */; };
		5C91C6BD2B795037006A018C /* ProductSizeSectionView.swift in Sources */ = {isa = PBXBuildFile; fileRef = 5C91C6BC2B795037006A018C /* ProductSizeSectionView.swift */; };
		5CA5E6E12BE580F5008641C1 /* AuthSourceRepositories.swift in Sources */ = {isa = PBXBuildFile; fileRef = 5CA5E6E02BE580F5008641C1 /* AuthSourceRepositories.swift */; };
		5CA5E6E32BE58175008641C1 /* AuthRepositories.swift in Sources */ = {isa = PBXBuildFile; fileRef = 5CA5E6E22BE58175008641C1 /* AuthRepositories.swift */; };
		5CA5E6E52BE58191008641C1 /* AuthUseCase.swift in Sources */ = {isa = PBXBuildFile; fileRef = 5CA5E6E42BE58191008641C1 /* AuthUseCase.swift */; };
		5CA670162BE1C0030030BF59 /* SplashView.swift in Sources */ = {isa = PBXBuildFile; fileRef = 5CA670152BE1C0030030BF59 /* SplashView.swift */; };
		5CA670232BE332B40030BF59 /* OnBoardingView.swift in Sources */ = {isa = PBXBuildFile; fileRef = 5CA670222BE332B40030BF59 /* OnBoardingView.swift */; };
		5CA670252BE3332B0030BF59 /* OnBoardingInfoView.swift in Sources */ = {isa = PBXBuildFile; fileRef = 5CA670242BE3332B0030BF59 /* OnBoardingInfoView.swift */; };
		5CA670272BE3C7B20030BF59 /* OnBoardingViewModel.swift in Sources */ = {isa = PBXBuildFile; fileRef = 5CA670262BE3C7B20030BF59 /* OnBoardingViewModel.swift */; };
		5CA6702C2BE3C8260030BF59 /* OnBoardingItem.swift in Sources */ = {isa = PBXBuildFile; fileRef = 5CA6702B2BE3C8260030BF59 /* OnBoardingItem.swift */; };
		5CA6702E2BE3C8FB0030BF59 /* OnBoardingUseCase.swift in Sources */ = {isa = PBXBuildFile; fileRef = 5CA6702D2BE3C8FB0030BF59 /* OnBoardingUseCase.swift */; };
		5CA670302BE3C9B80030BF59 /* OnBoardingRepositories.swift in Sources */ = {isa = PBXBuildFile; fileRef = 5CA6702F2BE3C9B80030BF59 /* OnBoardingRepositories.swift */; };
		5CA670322BE3C9E70030BF59 /* OnBoardingItemSource.json in Resources */ = {isa = PBXBuildFile; fileRef = 5CA670312BE3C9E70030BF59 /* OnBoardingItemSource.json */; };
		5CA670342BE3CB470030BF59 /* OnBoardingItemModel.swift in Sources */ = {isa = PBXBuildFile; fileRef = 5CA670332BE3CB470030BF59 /* OnBoardingItemModel.swift */; };
		5CA670362BE3E4E20030BF59 /* AuthAssembly.swift in Sources */ = {isa = PBXBuildFile; fileRef = 5CA670352BE3E4E20030BF59 /* AuthAssembly.swift */; };
		5CA670382BE3F28E0030BF59 /* SplashViewModel.swift in Sources */ = {isa = PBXBuildFile; fileRef = 5CA670372BE3F28E0030BF59 /* SplashViewModel.swift */; };
		5CA6703C2BE3FF530030BF59 /* LoginView.swift in Sources */ = {isa = PBXBuildFile; fileRef = 5CA6703B2BE3FF530030BF59 /* LoginView.swift */; };
		5CA6703E2BE400850030BF59 /* LoginViewModel.swift in Sources */ = {isa = PBXBuildFile; fileRef = 5CA6703D2BE400850030BF59 /* LoginViewModel.swift */; };
		5CA670412BE40D0D0030BF59 /* LoginButtonView.swift in Sources */ = {isa = PBXBuildFile; fileRef = 5CA670402BE40D0D0030BF59 /* LoginButtonView.swift */; };
		5CA670432BE4402A0030BF59 /* InputView.swift in Sources */ = {isa = PBXBuildFile; fileRef = 5CA670422BE4402A0030BF59 /* InputView.swift */; };
		5CA670452BE455530030BF59 /* SignUpView.swift in Sources */ = {isa = PBXBuildFile; fileRef = 5CA670442BE455530030BF59 /* SignUpView.swift */; };
		5CA670472BE455CD0030BF59 /* SignUpViewModel.swift in Sources */ = {isa = PBXBuildFile; fileRef = 5CA670462BE455CD0030BF59 /* SignUpViewModel.swift */; };
		5CDA084E2B96E9EF001EBBEF /* Coordinator.swift in Sources */ = {isa = PBXBuildFile; fileRef = 5CDA084D2B96E9EF001EBBEF /* Coordinator.swift */; };
		5CDA08502B96EA62001EBBEF /* AppDelegate.swift in Sources */ = {isa = PBXBuildFile; fileRef = 5CDA084F2B96EA62001EBBEF /* AppDelegate.swift */; };
		5CDA08522B96EA99001EBBEF /* SceneDelegate.swift in Sources */ = {isa = PBXBuildFile; fileRef = 5CDA08512B96EA99001EBBEF /* SceneDelegate.swift */; };
		5CDA08542B96EAF2001EBBEF /* AppCoordinator.swift in Sources */ = {isa = PBXBuildFile; fileRef = 5CDA08532B96EAF2001EBBEF /* AppCoordinator.swift */; };
		5CDA08562B96EB7A001EBBEF /* TabBarCoordinator.swift in Sources */ = {isa = PBXBuildFile; fileRef = 5CDA08552B96EB7A001EBBEF /* TabBarCoordinator.swift */; };
		5CDA08582B96EC00001EBBEF /* HomeTabCoordinator.swift in Sources */ = {isa = PBXBuildFile; fileRef = 5CDA08572B96EC00001EBBEF /* HomeTabCoordinator.swift */; };
		5CEA29692B99E7CC009DA889 /* ProductItemViewModel.swift in Sources */ = {isa = PBXBuildFile; fileRef = 5CEA29682B99E7CC009DA889 /* ProductItemViewModel.swift */; };
		5CEA296C2B9A12DF009DA889 /* CartButtonViewModel.swift in Sources */ = {isa = PBXBuildFile; fileRef = 5CEA296B2B9A12DF009DA889 /* CartButtonViewModel.swift */; };
		5CEA297E2B9C8AB3009DA889 /* DependencyManager.swift in Sources */ = {isa = PBXBuildFile; fileRef = 5CEA297D2B9C8AB3009DA889 /* DependencyManager.swift */; };
		5CEA29802B9C8AE6009DA889 /* HomeAssembly.swift in Sources */ = {isa = PBXBuildFile; fileRef = 5CEA297F2B9C8AE6009DA889 /* HomeAssembly.swift */; };
		5CEA29822B9CCFD7009DA889 /* CoordinatorAssembly.swift in Sources */ = {isa = PBXBuildFile; fileRef = 5CEA29812B9CCFD7009DA889 /* CoordinatorAssembly.swift */; };
		5CEA29842B9CCFE9009DA889 /* CartAssembly.swift in Sources */ = {isa = PBXBuildFile; fileRef = 5CEA29832B9CCFE9009DA889 /* CartAssembly.swift */; };
		5CEA29F32BA07F55009DA889 /* CartProductViewModelCell.swift in Sources */ = {isa = PBXBuildFile; fileRef = 5CEA29F22BA07F55009DA889 /* CartProductViewModelCell.swift */; };
		5CF5E8A22B806FF50096F7AB /* ProductSource.swift in Sources */ = {isa = PBXBuildFile; fileRef = 5CF5E8A12B806FF50096F7AB /* ProductSource.swift */; };
		5CF5E8A62B80712C0096F7AB /* ProductSourceRepositories.swift in Sources */ = {isa = PBXBuildFile; fileRef = 5CF5E8A52B80712C0096F7AB /* ProductSourceRepositories.swift */; };
		5CF5E8A82B8072CB0096F7AB /* ProductRepositories.swift in Sources */ = {isa = PBXBuildFile; fileRef = 5CF5E8A72B8072CB0096F7AB /* ProductRepositories.swift */; };
		5CF5E8AA2B8073090096F7AB /* ProductUseCase.swift in Sources */ = {isa = PBXBuildFile; fileRef = 5CF5E8A92B8073090096F7AB /* ProductUseCase.swift */; };
		97BA53082B37022A0061DF1B /* SubCategoryCardView.swift in Sources */ = {isa = PBXBuildFile; fileRef = 97BA53072B37022A0061DF1B /* SubCategoryCardView.swift */; };
		97E0AE732B28F9CD0078BD74 /* SubCategoryView.swift in Sources */ = {isa = PBXBuildFile; fileRef = 97E0AE722B28F9CD0078BD74 /* SubCategoryView.swift */; };
/* End PBXBuildFile section */

/* Begin PBXFileReference section */
		121BD4E32B344B58000126C6 /* SearchBarView.swift */ = {isa = PBXFileReference; lastKnownFileType = sourcecode.swift; path = SearchBarView.swift; sourceTree = "<group>"; };
		121BD4E52B344D05000126C6 /* UIApplication.swift */ = {isa = PBXFileReference; lastKnownFileType = sourcecode.swift; path = UIApplication.swift; sourceTree = "<group>"; };
		121F49592B2DCCC3000CD3BB /* LocalCacheImage.swift */ = {isa = PBXFileReference; lastKnownFileType = sourcecode.swift; path = LocalCacheImage.swift; sourceTree = "<group>"; };
		123612E82B2480A10087B346 /* LaunchView.swift */ = {isa = PBXFileReference; fileEncoding = 4; lastKnownFileType = sourcecode.swift; path = LaunchView.swift; sourceTree = "<group>"; };
		123612EF2B2489B00087B346 /* Launch Screen.storyboard */ = {isa = PBXFileReference; lastKnownFileType = file.storyboard; path = "Launch Screen.storyboard"; sourceTree = "<group>"; };
		125D25A72BE0A95F002967F4 /* VirtualTryButtonView.swift */ = {isa = PBXFileReference; lastKnownFileType = sourcecode.swift; path = VirtualTryButtonView.swift; sourceTree = "<group>"; };
		1263ED9C2B6FFB8300658725 /* CartButtonView.swift */ = {isa = PBXFileReference; fileEncoding = 4; lastKnownFileType = sourcecode.swift; path = CartButtonView.swift; sourceTree = "<group>"; };
		1263ED9D2B6FFB8400658725 /* CartProductViewCell.swift */ = {isa = PBXFileReference; fileEncoding = 4; lastKnownFileType = sourcecode.swift; path = CartProductViewCell.swift; sourceTree = "<group>"; };
		1263ED9E2B6FFB8400658725 /* CartView.swift */ = {isa = PBXFileReference; fileEncoding = 4; lastKnownFileType = sourcecode.swift; path = CartView.swift; sourceTree = "<group>"; };
		1295C06E2B30881D00C1F4CA /* OffersView.swift */ = {isa = PBXFileReference; lastKnownFileType = sourcecode.swift; path = OffersView.swift; sourceTree = "<group>"; };
		12A2DE452B2FBDEF0027A253 /* SubCategoryViewModel.swift */ = {isa = PBXFileReference; lastKnownFileType = sourcecode.swift; path = SubCategoryViewModel.swift; sourceTree = "<group>"; };
		12A2DE492B2FC1230027A253 /* Product.swift */ = {isa = PBXFileReference; lastKnownFileType = sourcecode.swift; path = Product.swift; sourceTree = "<group>"; };
		12A2DE4B2B2FC16B0027A253 /* ProductViewModel.swift */ = {isa = PBXFileReference; lastKnownFileType = sourcecode.swift; path = ProductViewModel.swift; sourceTree = "<group>"; };
		12A2DE4D2B2FC1DB0027A253 /* ProductView.swift */ = {isa = PBXFileReference; lastKnownFileType = sourcecode.swift; path = ProductView.swift; sourceTree = "<group>"; };
		12A2DE512B2FC4640027A253 /* ProductItemView.swift */ = {isa = PBXFileReference; lastKnownFileType = sourcecode.swift; path = ProductItemView.swift; sourceTree = "<group>"; };
		12A2DE532B2FC5FB0027A253 /* ProductDetailView.swift */ = {isa = PBXFileReference; lastKnownFileType = sourcecode.swift; path = ProductDetailView.swift; sourceTree = "<group>"; };
		12BE291E2B2F94ED00049E36 /* QuickCategoryView.swift */ = {isa = PBXFileReference; lastKnownFileType = sourcecode.swift; path = QuickCategoryView.swift; sourceTree = "<group>"; };
		12BE29212B2F958300049E36 /* HomeViewModel.swift */ = {isa = PBXFileReference; lastKnownFileType = sourcecode.swift; path = HomeViewModel.swift; sourceTree = "<group>"; };
		12C8BABE2B3523D600AEA6C9 /* ImagePicker.swift */ = {isa = PBXFileReference; lastKnownFileType = sourcecode.swift; path = ImagePicker.swift; sourceTree = "<group>"; };
		12EEBF2B2B246360003B0B0C /* Metchik.app */ = {isa = PBXFileReference; explicitFileType = wrapper.application; includeInIndex = 0; path = Metchik.app; sourceTree = BUILT_PRODUCTS_DIR; };
		12EEBF302B246360003B0B0C /* HomeView.swift */ = {isa = PBXFileReference; lastKnownFileType = sourcecode.swift; path = HomeView.swift; sourceTree = "<group>"; };
		12EEBF322B246362003B0B0C /* Assets.xcassets */ = {isa = PBXFileReference; lastKnownFileType = folder.assetcatalog; path = Assets.xcassets; sourceTree = "<group>"; };
		12EEBF352B246362003B0B0C /* Preview Assets.xcassets */ = {isa = PBXFileReference; lastKnownFileType = folder.assetcatalog; path = "Preview Assets.xcassets"; sourceTree = "<group>"; };
		5C11CCAA2B93338700A1ED63 /* Assets.swift */ = {isa = PBXFileReference; fileEncoding = 4; lastKnownFileType = sourcecode.swift; path = Assets.swift; sourceTree = "<group>"; };
		5C11CCAE2B94A15D00A1ED63 /* BackButton.swift */ = {isa = PBXFileReference; lastKnownFileType = sourcecode.swift; path = BackButton.swift; sourceTree = "<group>"; };
		5C361CC12B7808DD00232B94 /* QuickSubCategoryView.swift */ = {isa = PBXFileReference; lastKnownFileType = sourcecode.swift; path = QuickSubCategoryView.swift; sourceTree = "<group>"; };
		5C3EB6742BE1285D0093BE26 /* VirtualTryView.swift */ = {isa = PBXFileReference; lastKnownFileType = sourcecode.swift; path = VirtualTryView.swift; sourceTree = "<group>"; };
		5C3EB6762BE134600093BE26 /* VirtualTryViewModel.swift */ = {isa = PBXFileReference; lastKnownFileType = sourcecode.swift; path = VirtualTryViewModel.swift; sourceTree = "<group>"; };
		5C3EB6782BE141230093BE26 /* VirtualTryUseCase.swift */ = {isa = PBXFileReference; lastKnownFileType = sourcecode.swift; path = VirtualTryUseCase.swift; sourceTree = "<group>"; };
		5C3EB67A2BE141780093BE26 /* VirtualTryRepositories.swift */ = {isa = PBXFileReference; lastKnownFileType = sourcecode.swift; path = VirtualTryRepositories.swift; sourceTree = "<group>"; };
		5C3EB67C2BE142C20093BE26 /* VirtualTrySourceRepositories.swift */ = {isa = PBXFileReference; lastKnownFileType = sourcecode.swift; path = VirtualTrySourceRepositories.swift; sourceTree = "<group>"; };
		5C3EB6812BE14E440093BE26 /* VirtualTrySource.swift */ = {isa = PBXFileReference; lastKnownFileType = sourcecode.swift; path = VirtualTrySource.swift; sourceTree = "<group>"; };
		5C3EB6832BE1723C0093BE26 /* UploadImage.swift */ = {isa = PBXFileReference; lastKnownFileType = sourcecode.swift; path = UploadImage.swift; sourceTree = "<group>"; };
		5C431D112B893B520091BF09 /* ProductDetailViewModel.swift */ = {isa = PBXFileReference; lastKnownFileType = sourcecode.swift; path = ProductDetailViewModel.swift; sourceTree = "<group>"; };
		5C431D132B899CB50091BF09 /* ProductSourceDetail.json */ = {isa = PBXFileReference; lastKnownFileType = text.json; path = ProductSourceDetail.json; sourceTree = "<group>"; };
		5C431D152B89AB100091BF09 /* ProductSourceDetailRepositories.swift */ = {isa = PBXFileReference; lastKnownFileType = sourcecode.swift; path = ProductSourceDetailRepositories.swift; sourceTree = "<group>"; };
		5C431D172B89ABF60091BF09 /* ProductSourceDetail.swift */ = {isa = PBXFileReference; lastKnownFileType = sourcecode.swift; path = ProductSourceDetail.swift; sourceTree = "<group>"; };
		5C431D192B89AC370091BF09 /* ProductDetailUseCase.swift */ = {isa = PBXFileReference; lastKnownFileType = sourcecode.swift; path = ProductDetailUseCase.swift; sourceTree = "<group>"; };
		5C431D1B2B89ACA90091BF09 /* ProductDetailRepositories.swift */ = {isa = PBXFileReference; lastKnownFileType = sourcecode.swift; path = ProductDetailRepositories.swift; sourceTree = "<group>"; };
		5C431D1D2B89ACD90091BF09 /* ProductDetail.swift */ = {isa = PBXFileReference; lastKnownFileType = sourcecode.swift; path = ProductDetail.swift; sourceTree = "<group>"; };
		5C431D1F2B89B8310091BF09 /* ProductImagesSectionView.swift */ = {isa = PBXFileReference; lastKnownFileType = sourcecode.swift; path = ProductImagesSectionView.swift; sourceTree = "<group>"; };
		5C431D212B89BA3B0091BF09 /* StepperView.swift */ = {isa = PBXFileReference; lastKnownFileType = sourcecode.swift; path = StepperView.swift; sourceTree = "<group>"; };
		5C431D232B89BA7E0091BF09 /* ProductMetaView.swift */ = {isa = PBXFileReference; lastKnownFileType = sourcecode.swift; path = ProductMetaView.swift; sourceTree = "<group>"; };
		5C431D252B89BACD0091BF09 /* AddToCartSectionView.swift */ = {isa = PBXFileReference; lastKnownFileType = sourcecode.swift; path = AddToCartSectionView.swift; sourceTree = "<group>"; };
		5C431D272B89BB3E0091BF09 /* ProductDescriptionSectionView.swift */ = {isa = PBXFileReference; lastKnownFileType = sourcecode.swift; path = ProductDescriptionSectionView.swift; sourceTree = "<group>"; };
		5C431D292B89CF250091BF09 /* ProductColorsView.swift */ = {isa = PBXFileReference; lastKnownFileType = sourcecode.swift; path = ProductColorsView.swift; sourceTree = "<group>"; };
		5C45B0862B8AF3CB00BE62F4 /* NavigationView.swift */ = {isa = PBXFileReference; lastKnownFileType = sourcecode.swift; path = NavigationView.swift; sourceTree = "<group>"; };
		5C45B0D72B8EFDA500BE62F4 /* CartProuctSectionView.swift */ = {isa = PBXFileReference; lastKnownFileType = sourcecode.swift; path = CartProuctSectionView.swift; sourceTree = "<group>"; };
		5C45B0D92B8EFDB600BE62F4 /* CartPricingSectionView.swift */ = {isa = PBXFileReference; lastKnownFileType = sourcecode.swift; path = CartPricingSectionView.swift; sourceTree = "<group>"; };
		5C45B0DB2B8EFFEB00BE62F4 /* CartViewModel.swift */ = {isa = PBXFileReference; lastKnownFileType = sourcecode.swift; path = CartViewModel.swift; sourceTree = "<group>"; };
		5C45B0DD2B8F069200BE62F4 /* CartPromoCodeSection.swift */ = {isa = PBXFileReference; lastKnownFileType = sourcecode.swift; path = CartPromoCodeSection.swift; sourceTree = "<group>"; };
		5C45B0DF2B8F5C7800BE62F4 /* CartProduct.swift */ = {isa = PBXFileReference; lastKnownFileType = sourcecode.swift; path = CartProduct.swift; sourceTree = "<group>"; };
		5C45B0E12B8F5D5C00BE62F4 /* CartUseCase.swift */ = {isa = PBXFileReference; lastKnownFileType = sourcecode.swift; path = CartUseCase.swift; sourceTree = "<group>"; };
		5C45B0E32B8F5D7600BE62F4 /* CartRepositories.swift */ = {isa = PBXFileReference; lastKnownFileType = sourcecode.swift; path = CartRepositories.swift; sourceTree = "<group>"; };
		5C45B0E52B8F5E1D00BE62F4 /* CartProductSource.swift */ = {isa = PBXFileReference; lastKnownFileType = sourcecode.swift; path = CartProductSource.swift; sourceTree = "<group>"; };
		5C45B0E72B8F5E8900BE62F4 /* CartSourceRepositories.swift */ = {isa = PBXFileReference; lastKnownFileType = sourcecode.swift; path = CartSourceRepositories.swift; sourceTree = "<group>"; };
		5C45B0E92B8F687100BE62F4 /* Models+Extension.swift */ = {isa = PBXFileReference; lastKnownFileType = sourcecode.swift; path = "Models+Extension.swift"; sourceTree = "<group>"; };
		5C45B0EC2B8F81F600BE62F4 /* CartProductContainer.xcdatamodel */ = {isa = PBXFileReference; lastKnownFileType = wrapper.xcdatamodel; path = CartProductContainer.xcdatamodel; sourceTree = "<group>"; };
		5C45B0EE2B8F82AB00BE62F4 /* CoreDataManager.swift */ = {isa = PBXFileReference; lastKnownFileType = sourcecode.swift; path = CoreDataManager.swift; sourceTree = "<group>"; };
		5C469C082B9716A2004DD1A0 /* Router.swift */ = {isa = PBXFileReference; lastKnownFileType = sourcecode.swift; path = Router.swift; sourceTree = "<group>"; };
		5C469C0A2B9716B7004DD1A0 /* AppRouter.swift */ = {isa = PBXFileReference; lastKnownFileType = sourcecode.swift; path = AppRouter.swift; sourceTree = "<group>"; };
		5C4F4CED2BE7D2B90040FD9C /* AuthCoordinator.swift */ = {isa = PBXFileReference; lastKnownFileType = sourcecode.swift; path = AuthCoordinator.swift; sourceTree = "<group>"; };
		5C5A6D1F2B92114F0013E0B2 /* Color.swift */ = {isa = PBXFileReference; lastKnownFileType = sourcecode.swift; path = Color.swift; sourceTree = "<group>"; };
		5C713B6B2B83599C0040AE10 /* Offer.swift */ = {isa = PBXFileReference; lastKnownFileType = sourcecode.swift; path = Offer.swift; sourceTree = "<group>"; };
		5C713B6D2B835AEA0040AE10 /* OffersRepositories.swift */ = {isa = PBXFileReference; lastKnownFileType = sourcecode.swift; path = OffersRepositories.swift; sourceTree = "<group>"; };
		5C713B6F2B835B2A0040AE10 /* OffersUseCase.swift */ = {isa = PBXFileReference; lastKnownFileType = sourcecode.swift; path = OffersUseCase.swift; sourceTree = "<group>"; };
		5C713B712B835B920040AE10 /* OfferSource.swift */ = {isa = PBXFileReference; lastKnownFileType = sourcecode.swift; path = OfferSource.swift; sourceTree = "<group>"; };
		5C713B732B835BD90040AE10 /* OffersSourceRepositories.swift */ = {isa = PBXFileReference; lastKnownFileType = sourcecode.swift; path = OffersSourceRepositories.swift; sourceTree = "<group>"; };
		5C82AE752B76F460001742E8 /* Poppins-ExtraLightItalic.ttf */ = {isa = PBXFileReference; lastKnownFileType = file; path = "Poppins-ExtraLightItalic.ttf"; sourceTree = "<group>"; };
		5C82AE762B76F460001742E8 /* Poppins-Italic.ttf */ = {isa = PBXFileReference; lastKnownFileType = file; path = "Poppins-Italic.ttf"; sourceTree = "<group>"; };
		5C82AE772B76F460001742E8 /* Poppins-Light.ttf */ = {isa = PBXFileReference; lastKnownFileType = file; path = "Poppins-Light.ttf"; sourceTree = "<group>"; };
		5C82AE782B76F460001742E8 /* Poppins-ExtraBoldItalic.ttf */ = {isa = PBXFileReference; lastKnownFileType = file; path = "Poppins-ExtraBoldItalic.ttf"; sourceTree = "<group>"; };
		5C82AE792B76F460001742E8 /* OFL.txt */ = {isa = PBXFileReference; fileEncoding = 4; lastKnownFileType = text; path = OFL.txt; sourceTree = "<group>"; };
		5C82AE7A2B76F460001742E8 /* Poppins-LightItalic.ttf */ = {isa = PBXFileReference; lastKnownFileType = file; path = "Poppins-LightItalic.ttf"; sourceTree = "<group>"; };
		5C82AE7B2B76F460001742E8 /* Poppins-Medium.ttf */ = {isa = PBXFileReference; lastKnownFileType = file; path = "Poppins-Medium.ttf"; sourceTree = "<group>"; };
		5C82AE7C2B76F460001742E8 /* Poppins-ExtraBold.ttf */ = {isa = PBXFileReference; lastKnownFileType = file; path = "Poppins-ExtraBold.ttf"; sourceTree = "<group>"; };
		5C82AE7D2B76F460001742E8 /* Poppins-Bold.ttf */ = {isa = PBXFileReference; lastKnownFileType = file; path = "Poppins-Bold.ttf"; sourceTree = "<group>"; };
		5C82AE7E2B76F460001742E8 /* Poppins-ExtraLight.ttf */ = {isa = PBXFileReference; lastKnownFileType = file; path = "Poppins-ExtraLight.ttf"; sourceTree = "<group>"; };
		5C82AE7F2B76F460001742E8 /* Poppins-Thin.ttf */ = {isa = PBXFileReference; lastKnownFileType = file; path = "Poppins-Thin.ttf"; sourceTree = "<group>"; };
		5C82AE802B76F460001742E8 /* Poppins-BlackItalic.ttf */ = {isa = PBXFileReference; lastKnownFileType = file; path = "Poppins-BlackItalic.ttf"; sourceTree = "<group>"; };
		5C82AE812B76F460001742E8 /* Poppins-Black.ttf */ = {isa = PBXFileReference; lastKnownFileType = file; path = "Poppins-Black.ttf"; sourceTree = "<group>"; };
		5C82AE822B76F460001742E8 /* Poppins-ThinItalic.ttf */ = {isa = PBXFileReference; lastKnownFileType = file; path = "Poppins-ThinItalic.ttf"; sourceTree = "<group>"; };
		5C82AE832B76F460001742E8 /* Poppins-SemiBoldItalic.ttf */ = {isa = PBXFileReference; lastKnownFileType = file; path = "Poppins-SemiBoldItalic.ttf"; sourceTree = "<group>"; };
		5C82AE842B76F460001742E8 /* Poppins-BoldItalic.ttf */ = {isa = PBXFileReference; lastKnownFileType = file; path = "Poppins-BoldItalic.ttf"; sourceTree = "<group>"; };
		5C82AE852B76F460001742E8 /* Poppins-Regular.ttf */ = {isa = PBXFileReference; lastKnownFileType = file; path = "Poppins-Regular.ttf"; sourceTree = "<group>"; };
		5C82AE862B76F460001742E8 /* Poppins-MediumItalic.ttf */ = {isa = PBXFileReference; lastKnownFileType = file; path = "Poppins-MediumItalic.ttf"; sourceTree = "<group>"; };
		5C82AE872B76F460001742E8 /* Poppins-SemiBold.ttf */ = {isa = PBXFileReference; lastKnownFileType = file; path = "Poppins-SemiBold.ttf"; sourceTree = "<group>"; };
		5C82AE9B2B76F485001742E8 /* Fonts.swift */ = {isa = PBXFileReference; lastKnownFileType = sourcecode.swift; path = Fonts.swift; sourceTree = "<group>"; };
		5C8E5DBD2BDFBB0000DEF02D /* BaseRequest.swift */ = {isa = PBXFileReference; lastKnownFileType = sourcecode.swift; path = BaseRequest.swift; sourceTree = "<group>"; };
		5C8E5DC42BDFBB3900DEF02D /* RemoteError.swift */ = {isa = PBXFileReference; lastKnownFileType = sourcecode.swift; path = RemoteError.swift; sourceTree = "<group>"; };
		5C8E5DC62BDFBB6200DEF02D /* ResponseHandler.swift */ = {isa = PBXFileReference; lastKnownFileType = sourcecode.swift; path = ResponseHandler.swift; sourceTree = "<group>"; };
		5C8E5DC82BDFBB9100DEF02D /* ServiceLayer.swift */ = {isa = PBXFileReference; lastKnownFileType = sourcecode.swift; path = ServiceLayer.swift; sourceTree = "<group>"; };
		5C8E5DCA2BDFBBA400DEF02D /* Task.swift */ = {isa = PBXFileReference; lastKnownFileType = sourcecode.swift; path = Task.swift; sourceTree = "<group>"; };
		5C8E5DCC2BDFC97C00DEF02D /* EndPoints.swift */ = {isa = PBXFileReference; lastKnownFileType = sourcecode.swift; path = EndPoints.swift; sourceTree = "<group>"; };
		5C91C3FF2B84A17600308218 /* ProductSource.json */ = {isa = PBXFileReference; lastKnownFileType = text.json; path = ProductSource.json; sourceTree = "<group>"; };
		5C91C4012B84A1FF00308218 /* JSONDecoder.swift */ = {isa = PBXFileReference; lastKnownFileType = sourcecode.swift; path = JSONDecoder.swift; sourceTree = "<group>"; };
		5C91C4032B85B15500308218 /* OfferSource.json */ = {isa = PBXFileReference; lastKnownFileType = text.json; path = OfferSource.json; sourceTree = "<group>"; };
		5C91C40F2B85E34A00308218 /* HapticsManager.swift */ = {isa = PBXFileReference; lastKnownFileType = sourcecode.swift; path = HapticsManager.swift; sourceTree = "<group>"; };
		5C91C6BC2B795037006A018C /* ProductSizeSectionView.swift */ = {isa = PBXFileReference; lastKnownFileType = sourcecode.swift; path = ProductSizeSectionView.swift; sourceTree = "<group>"; };
		5CA5E6E02BE580F5008641C1 /* AuthSourceRepositories.swift */ = {isa = PBXFileReference; lastKnownFileType = sourcecode.swift; path = AuthSourceRepositories.swift; sourceTree = "<group>"; };
		5CA5E6E22BE58175008641C1 /* AuthRepositories.swift */ = {isa = PBXFileReference; lastKnownFileType = sourcecode.swift; path = AuthRepositories.swift; sourceTree = "<group>"; };
		5CA5E6E42BE58191008641C1 /* AuthUseCase.swift */ = {isa = PBXFileReference; lastKnownFileType = sourcecode.swift; path = AuthUseCase.swift; sourceTree = "<group>"; };
		5CA670152BE1C0030030BF59 /* SplashView.swift */ = {isa = PBXFileReference; lastKnownFileType = sourcecode.swift; path = SplashView.swift; sourceTree = "<group>"; };
		5CA670222BE332B40030BF59 /* OnBoardingView.swift */ = {isa = PBXFileReference; lastKnownFileType = sourcecode.swift; path = OnBoardingView.swift; sourceTree = "<group>"; };
		5CA670242BE3332B0030BF59 /* OnBoardingInfoView.swift */ = {isa = PBXFileReference; lastKnownFileType = sourcecode.swift; path = OnBoardingInfoView.swift; sourceTree = "<group>"; };
		5CA670262BE3C7B20030BF59 /* OnBoardingViewModel.swift */ = {isa = PBXFileReference; lastKnownFileType = sourcecode.swift; path = OnBoardingViewModel.swift; sourceTree = "<group>"; };
		5CA6702B2BE3C8260030BF59 /* OnBoardingItem.swift */ = {isa = PBXFileReference; lastKnownFileType = sourcecode.swift; path = OnBoardingItem.swift; sourceTree = "<group>"; };
		5CA6702D2BE3C8FB0030BF59 /* OnBoardingUseCase.swift */ = {isa = PBXFileReference; lastKnownFileType = sourcecode.swift; path = OnBoardingUseCase.swift; sourceTree = "<group>"; };
		5CA6702F2BE3C9B80030BF59 /* OnBoardingRepositories.swift */ = {isa = PBXFileReference; lastKnownFileType = sourcecode.swift; path = OnBoardingRepositories.swift; sourceTree = "<group>"; };
		5CA670312BE3C9E70030BF59 /* OnBoardingItemSource.json */ = {isa = PBXFileReference; lastKnownFileType = text.json; path = OnBoardingItemSource.json; sourceTree = "<group>"; };
		5CA670332BE3CB470030BF59 /* OnBoardingItemModel.swift */ = {isa = PBXFileReference; lastKnownFileType = sourcecode.swift; path = OnBoardingItemModel.swift; sourceTree = "<group>"; };
		5CA670352BE3E4E20030BF59 /* AuthAssembly.swift */ = {isa = PBXFileReference; lastKnownFileType = sourcecode.swift; path = AuthAssembly.swift; sourceTree = "<group>"; };
		5CA670372BE3F28E0030BF59 /* SplashViewModel.swift */ = {isa = PBXFileReference; lastKnownFileType = sourcecode.swift; path = SplashViewModel.swift; sourceTree = "<group>"; };
		5CA6703B2BE3FF530030BF59 /* LoginView.swift */ = {isa = PBXFileReference; lastKnownFileType = sourcecode.swift; path = LoginView.swift; sourceTree = "<group>"; };
		5CA6703D2BE400850030BF59 /* LoginViewModel.swift */ = {isa = PBXFileReference; lastKnownFileType = sourcecode.swift; path = LoginViewModel.swift; sourceTree = "<group>"; };
		5CA670402BE40D0D0030BF59 /* LoginButtonView.swift */ = {isa = PBXFileReference; lastKnownFileType = sourcecode.swift; path = LoginButtonView.swift; sourceTree = "<group>"; };
		5CA670422BE4402A0030BF59 /* InputView.swift */ = {isa = PBXFileReference; lastKnownFileType = sourcecode.swift; path = InputView.swift; sourceTree = "<group>"; };
		5CA670442BE455530030BF59 /* SignUpView.swift */ = {isa = PBXFileReference; lastKnownFileType = sourcecode.swift; path = SignUpView.swift; sourceTree = "<group>"; };
		5CA670462BE455CD0030BF59 /* SignUpViewModel.swift */ = {isa = PBXFileReference; lastKnownFileType = sourcecode.swift; path = SignUpViewModel.swift; sourceTree = "<group>"; };
		5CDA084D2B96E9EF001EBBEF /* Coordinator.swift */ = {isa = PBXFileReference; lastKnownFileType = sourcecode.swift; path = Coordinator.swift; sourceTree = "<group>"; };
		5CDA084F2B96EA62001EBBEF /* AppDelegate.swift */ = {isa = PBXFileReference; lastKnownFileType = sourcecode.swift; path = AppDelegate.swift; sourceTree = "<group>"; };
		5CDA08512B96EA99001EBBEF /* SceneDelegate.swift */ = {isa = PBXFileReference; lastKnownFileType = sourcecode.swift; path = SceneDelegate.swift; sourceTree = "<group>"; };
		5CDA08532B96EAF2001EBBEF /* AppCoordinator.swift */ = {isa = PBXFileReference; lastKnownFileType = sourcecode.swift; path = AppCoordinator.swift; sourceTree = "<group>"; };
		5CDA08552B96EB7A001EBBEF /* TabBarCoordinator.swift */ = {isa = PBXFileReference; lastKnownFileType = sourcecode.swift; path = TabBarCoordinator.swift; sourceTree = "<group>"; };
		5CDA08572B96EC00001EBBEF /* HomeTabCoordinator.swift */ = {isa = PBXFileReference; lastKnownFileType = sourcecode.swift; path = HomeTabCoordinator.swift; sourceTree = "<group>"; };
		5CEA29682B99E7CC009DA889 /* ProductItemViewModel.swift */ = {isa = PBXFileReference; lastKnownFileType = sourcecode.swift; path = ProductItemViewModel.swift; sourceTree = "<group>"; };
		5CEA296B2B9A12DF009DA889 /* CartButtonViewModel.swift */ = {isa = PBXFileReference; lastKnownFileType = sourcecode.swift; path = CartButtonViewModel.swift; sourceTree = "<group>"; };
		5CEA297D2B9C8AB3009DA889 /* DependencyManager.swift */ = {isa = PBXFileReference; fileEncoding = 4; lastKnownFileType = sourcecode.swift; path = DependencyManager.swift; sourceTree = "<group>"; };
		5CEA297F2B9C8AE6009DA889 /* HomeAssembly.swift */ = {isa = PBXFileReference; lastKnownFileType = sourcecode.swift; path = HomeAssembly.swift; sourceTree = "<group>"; };
		5CEA29812B9CCFD7009DA889 /* CoordinatorAssembly.swift */ = {isa = PBXFileReference; lastKnownFileType = sourcecode.swift; path = CoordinatorAssembly.swift; sourceTree = "<group>"; };
		5CEA29832B9CCFE9009DA889 /* CartAssembly.swift */ = {isa = PBXFileReference; lastKnownFileType = sourcecode.swift; path = CartAssembly.swift; sourceTree = "<group>"; };
		5CEA29F22BA07F55009DA889 /* CartProductViewModelCell.swift */ = {isa = PBXFileReference; lastKnownFileType = sourcecode.swift; path = CartProductViewModelCell.swift; sourceTree = "<group>"; };
		5CF5E8A12B806FF50096F7AB /* ProductSource.swift */ = {isa = PBXFileReference; lastKnownFileType = sourcecode.swift; path = ProductSource.swift; sourceTree = "<group>"; };
		5CF5E8A52B80712C0096F7AB /* ProductSourceRepositories.swift */ = {isa = PBXFileReference; lastKnownFileType = sourcecode.swift; path = ProductSourceRepositories.swift; sourceTree = "<group>"; };
		5CF5E8A72B8072CB0096F7AB /* ProductRepositories.swift */ = {isa = PBXFileReference; lastKnownFileType = sourcecode.swift; path = ProductRepositories.swift; sourceTree = "<group>"; };
		5CF5E8A92B8073090096F7AB /* ProductUseCase.swift */ = {isa = PBXFileReference; lastKnownFileType = sourcecode.swift; path = ProductUseCase.swift; sourceTree = "<group>"; };
		97BA53072B37022A0061DF1B /* SubCategoryCardView.swift */ = {isa = PBXFileReference; lastKnownFileType = sourcecode.swift; path = SubCategoryCardView.swift; sourceTree = "<group>"; };
		97E0AE722B28F9CD0078BD74 /* SubCategoryView.swift */ = {isa = PBXFileReference; lastKnownFileType = sourcecode.swift; path = SubCategoryView.swift; sourceTree = "<group>"; };
/* End PBXFileReference section */

/* Begin PBXFrameworksBuildPhase section */
		12EEBF282B246360003B0B0C /* Frameworks */ = {
			isa = PBXFrameworksBuildPhase;
			buildActionMask = 2147483647;
			files = (
				12D726042BE1C59400640C35 /* Alamofire in Frameworks */,
				5C3EB6802BE146B50093BE26 /* Cloudinary in Frameworks */,
				12D726012BE1C57400640C35 /* Swinject in Frameworks */,
			);
			runOnlyForDeploymentPostprocessing = 0;
		};
/* End PBXFrameworksBuildPhase section */

/* Begin PBXGroup section */
		121BD4E22B344AF4000126C6 /* Reusable Component */ = {
			isa = PBXGroup;
			children = (
				5CA670422BE4402A0030BF59 /* InputView.swift */,
				5C431D212B89BA3B0091BF09 /* StepperView.swift */,
				121BD4E32B344B58000126C6 /* SearchBarView.swift */,
				12C8BABE2B3523D600AEA6C9 /* ImagePicker.swift */,
				5C11CCAE2B94A15D00A1ED63 /* BackButton.swift */,
			);
			path = "Reusable Component";
			sourceTree = "<group>";
		};
		123612E72B24808D0087B346 /* Launch */ = {
			isa = PBXGroup;
			children = (
				123612E82B2480A10087B346 /* LaunchView.swift */,
				123612EF2B2489B00087B346 /* Launch Screen.storyboard */,
			);
			path = Launch;
			sourceTree = "<group>";
		};
		123612EA2B2481240087B346 /* Extensions */ = {
			isa = PBXGroup;
			children = (
				5C82AE9B2B76F485001742E8 /* Fonts.swift */,
				121BD4E52B344D05000126C6 /* UIApplication.swift */,
				5C91C4012B84A1FF00308218 /* JSONDecoder.swift */,
				5C91C40F2B85E34A00308218 /* HapticsManager.swift */,
				5C45B0862B8AF3CB00BE62F4 /* NavigationView.swift */,
				5C5A6D1F2B92114F0013E0B2 /* Color.swift */,
			);
			path = Extensions;
			sourceTree = "<group>";
		};
		125D25A22BE09D23002967F4 /* Frameworks */ = {
			isa = PBXGroup;
			children = (
			);
			name = Frameworks;
			sourceTree = "<group>";
		};
		1263ED9B2B6FFB6400658725 /* CartView */ = {
			isa = PBXGroup;
			children = (
				5C45B0D62B8EFD8000BE62F4 /* SubViews */,
				1263ED9E2B6FFB8400658725 /* CartView.swift */,
				5C45B0DB2B8EFFEB00BE62F4 /* CartViewModel.swift */,
			);
			path = CartView;
			sourceTree = "<group>";
		};
		12BE29232B2F959E00049E36 /* Models */ = {
			isa = PBXGroup;
			children = (
				5CF5E8A12B806FF50096F7AB /* ProductSource.swift */,
				5C431D172B89ABF60091BF09 /* ProductSourceDetail.swift */,
				5C713B712B835B920040AE10 /* OfferSource.swift */,
				5C45B0E52B8F5E1D00BE62F4 /* CartProductSource.swift */,
				5C3EB6812BE14E440093BE26 /* VirtualTrySource.swift */,
			);
			path = Models;
			sourceTree = "<group>";
		};
		12CC02802B29EDBD007C6F43 /* DataSource */ = {
			isa = PBXGroup;
			children = (
				5CF5E8A32B8070600096F7AB /* Local */,
				5CF5E8A42B8070730096F7AB /* Network */,
			);
			path = DataSource;
			sourceTree = "<group>";
		};
		12EEBF222B24635F003B0B0C = {
			isa = PBXGroup;
			children = (
				12EEBF2D2B246360003B0B0C /* Metchik */,
				12EEBF2C2B246360003B0B0C /* Products */,
				125D25A22BE09D23002967F4 /* Frameworks */,
			);
			sourceTree = "<group>";
		};
		12EEBF2C2B246360003B0B0C /* Products */ = {
			isa = PBXGroup;
			children = (
				12EEBF2B2B246360003B0B0C /* Metchik.app */,
			);
			name = Products;
			sourceTree = "<group>";
		};
		12EEBF2D2B246360003B0B0C /* Metchik */ = {
			isa = PBXGroup;
			children = (
				5C8E5DBC2BDFBAA600DEF02D /* Network */,
				5CF5E89F2B806C140096F7AB /* Data */,
				5CF5E89B2B806B5E0096F7AB /* Domain */,
				97E0AE712B28F99E0078BD74 /* Screens */,
				121BD4E22B344AF4000126C6 /* Reusable Component */,
				123612EA2B2481240087B346 /* Extensions */,
				5C469C072B971686004DD1A0 /* Router */,
				5CDA084C2B96E977001EBBEF /* Coordinator */,
				5CEA297C2B9C8AB3009DA889 /* Assembly */,
				5C82AE732B76F41A001742E8 /* Resources */,
				123612E72B24808D0087B346 /* Launch */,
				12EEBF342B246362003B0B0C /* Preview Content */,
			);
			path = Metchik;
			sourceTree = "<group>";
		};
		12EEBF342B246362003B0B0C /* Preview Content */ = {
			isa = PBXGroup;
			children = (
				12EEBF352B246362003B0B0C /* Preview Assets.xcassets */,
			);
			path = "Preview Content";
			sourceTree = "<group>";
		};
		5C3EB6712BE127520093BE26 /* VirtualTry */ = {
			isa = PBXGroup;
			children = (
				5C3EB6742BE1285D0093BE26 /* VirtualTryView.swift */,
				5C3EB6762BE134600093BE26 /* VirtualTryViewModel.swift */,
			);
			path = VirtualTry;
			sourceTree = "<group>";
		};
		5C431D102B8865F20091BF09 /* ProductDetail */ = {
			isa = PBXGroup;
			children = (
				5C91C6BB2B795015006A018C /* SubView */,
				12A2DE532B2FC5FB0027A253 /* ProductDetailView.swift */,
				5C431D112B893B520091BF09 /* ProductDetailViewModel.swift */,
			);
			path = ProductDetail;
			sourceTree = "<group>";
		};
		5C45B0D52B8EECC700BE62F4 /* SubViews */ = {
			isa = PBXGroup;
			children = (
				97BA53072B37022A0061DF1B /* SubCategoryCardView.swift */,
			);
			path = SubViews;
			sourceTree = "<group>";
		};
		5C45B0D62B8EFD8000BE62F4 /* SubViews */ = {
			isa = PBXGroup;
			children = (
				5C45B0D72B8EFDA500BE62F4 /* CartProuctSectionView.swift */,
				5CEA29F12BA07F17009DA889 /* CartViewCell */,
				5C45B0DD2B8F069200BE62F4 /* CartPromoCodeSection.swift */,
				5C45B0D92B8EFDB600BE62F4 /* CartPricingSectionView.swift */,
			);
			path = SubViews;
			sourceTree = "<group>";
		};
		5C469C072B971686004DD1A0 /* Router */ = {
			isa = PBXGroup;
			children = (
				5C469C082B9716A2004DD1A0 /* Router.swift */,
				5C469C0A2B9716B7004DD1A0 /* AppRouter.swift */,
			);
			path = Router;
			sourceTree = "<group>";
		};
		5C713B692B834E930040AE10 /* Home */ = {
			isa = PBXGroup;
			children = (
				97BA53092B370B810061DF1B /* Home */,
				97BA530A2B370BA20061DF1B /* SubCategory */,
				5CEA29672B99E763009DA889 /* ProductItem */,
				97BA530B2B370BBB0061DF1B /* Product */,
				5C431D102B8865F20091BF09 /* ProductDetail */,
				5C3EB6712BE127520093BE26 /* VirtualTry */,
			);
			path = Home;
			sourceTree = "<group>";
		};
		5C82AE732B76F41A001742E8 /* Resources */ = {
			isa = PBXGroup;
			children = (
				5CDA084F2B96EA62001EBBEF /* AppDelegate.swift */,
				5CDA08512B96EA99001EBBEF /* SceneDelegate.swift */,
				5C11CCAA2B93338700A1ED63 /* Assets.swift */,
				5C82AE742B76F435001742E8 /* Fonts */,
				12EEBF322B246362003B0B0C /* Assets.xcassets */,
			);
			path = Resources;
			sourceTree = "<group>";
		};
		5C82AE742B76F435001742E8 /* Fonts */ = {
			isa = PBXGroup;
			children = (
				5C82AE792B76F460001742E8 /* OFL.txt */,
				5C82AE812B76F460001742E8 /* Poppins-Black.ttf */,
				5C82AE802B76F460001742E8 /* Poppins-BlackItalic.ttf */,
				5C82AE7D2B76F460001742E8 /* Poppins-Bold.ttf */,
				5C82AE842B76F460001742E8 /* Poppins-BoldItalic.ttf */,
				5C82AE7C2B76F460001742E8 /* Poppins-ExtraBold.ttf */,
				5C82AE782B76F460001742E8 /* Poppins-ExtraBoldItalic.ttf */,
				5C82AE7E2B76F460001742E8 /* Poppins-ExtraLight.ttf */,
				5C82AE752B76F460001742E8 /* Poppins-ExtraLightItalic.ttf */,
				5C82AE762B76F460001742E8 /* Poppins-Italic.ttf */,
				5C82AE772B76F460001742E8 /* Poppins-Light.ttf */,
				5C82AE7A2B76F460001742E8 /* Poppins-LightItalic.ttf */,
				5C82AE7B2B76F460001742E8 /* Poppins-Medium.ttf */,
				5C82AE862B76F460001742E8 /* Poppins-MediumItalic.ttf */,
				5C82AE852B76F460001742E8 /* Poppins-Regular.ttf */,
				5C82AE872B76F460001742E8 /* Poppins-SemiBold.ttf */,
				5C82AE832B76F460001742E8 /* Poppins-SemiBoldItalic.ttf */,
				5C82AE7F2B76F460001742E8 /* Poppins-Thin.ttf */,
				5C82AE822B76F460001742E8 /* Poppins-ThinItalic.ttf */,
			);
			path = Fonts;
			sourceTree = "<group>";
		};
		5C8E5DBC2BDFBAA600DEF02D /* Network */ = {
			isa = PBXGroup;
			children = (
				5C8E5DBD2BDFBB0000DEF02D /* BaseRequest.swift */,
				5C8E5DC42BDFBB3900DEF02D /* RemoteError.swift */,
				5C8E5DC62BDFBB6200DEF02D /* ResponseHandler.swift */,
				5C8E5DC82BDFBB9100DEF02D /* ServiceLayer.swift */,
				5C8E5DCA2BDFBBA400DEF02D /* Task.swift */,
			);
			path = Network;
			sourceTree = "<group>";
		};
		5C91C6BB2B795015006A018C /* SubView */ = {
			isa = PBXGroup;
			children = (
				5C431D1F2B89B8310091BF09 /* ProductImagesSectionView.swift */,
				5C431D232B89BA7E0091BF09 /* ProductMetaView.swift */,
				5C91C6BC2B795037006A018C /* ProductSizeSectionView.swift */,
				5C431D292B89CF250091BF09 /* ProductColorsView.swift */,
				5C431D272B89BB3E0091BF09 /* ProductDescriptionSectionView.swift */,
				5C431D252B89BACD0091BF09 /* AddToCartSectionView.swift */,
				125D25A72BE0A95F002967F4 /* VirtualTryButtonView.swift */,
			);
			path = SubView;
			sourceTree = "<group>";
		};
		5CA6700F2BE1BF7C0030BF59 /* Auth */ = {
			isa = PBXGroup;
			children = (
				5CA670212BE332830030BF59 /* OnBoarding */,
				5CA670112BE1BF970030BF59 /* Splash */,
				5CA670102BE1BF8C0030BF59 /* Login */,
				5CA670122BE1BFA80030BF59 /* Register */,
			);
			path = Auth;
			sourceTree = "<group>";
		};
		5CA670102BE1BF8C0030BF59 /* Login */ = {
			isa = PBXGroup;
			children = (
				5CA6703F2BE40CF30030BF59 /* SubViews */,
				5CA6703B2BE3FF530030BF59 /* LoginView.swift */,
				5CA6703D2BE400850030BF59 /* LoginViewModel.swift */,
			);
			path = Login;
			sourceTree = "<group>";
		};
		5CA670112BE1BF970030BF59 /* Splash */ = {
			isa = PBXGroup;
			children = (
				5CA670152BE1C0030030BF59 /* SplashView.swift */,
				5CA670372BE3F28E0030BF59 /* SplashViewModel.swift */,
			);
			path = Splash;
			sourceTree = "<group>";
		};
		5CA670122BE1BFA80030BF59 /* Register */ = {
			isa = PBXGroup;
			children = (
				5CA670442BE455530030BF59 /* SignUpView.swift */,
				5CA670462BE455CD0030BF59 /* SignUpViewModel.swift */,
			);
			path = Register;
			sourceTree = "<group>";
		};
		5CA670212BE332830030BF59 /* OnBoarding */ = {
			isa = PBXGroup;
			children = (
				5CA6702A2BE3C8090030BF59 /* Data */,
				5CA670292BE3C7FE0030BF59 /* Domain */,
				5CA670282BE3C7C40030BF59 /* SubViews */,
				5CA670222BE332B40030BF59 /* OnBoardingView.swift */,
				5CA670262BE3C7B20030BF59 /* OnBoardingViewModel.swift */,
			);
			path = OnBoarding;
			sourceTree = "<group>";
		};
		5CA670282BE3C7C40030BF59 /* SubViews */ = {
			isa = PBXGroup;
			children = (
				5CA670242BE3332B0030BF59 /* OnBoardingInfoView.swift */,
			);
			path = SubViews;
			sourceTree = "<group>";
		};
		5CA670292BE3C7FE0030BF59 /* Domain */ = {
			isa = PBXGroup;
			children = (
				5CA6702B2BE3C8260030BF59 /* OnBoardingItem.swift */,
				5CA6702D2BE3C8FB0030BF59 /* OnBoardingUseCase.swift */,
			);
			path = Domain;
			sourceTree = "<group>";
		};
		5CA6702A2BE3C8090030BF59 /* Data */ = {
			isa = PBXGroup;
			children = (
				5CA670312BE3C9E70030BF59 /* OnBoardingItemSource.json */,
				5CA6702F2BE3C9B80030BF59 /* OnBoardingRepositories.swift */,
				5CA670332BE3CB470030BF59 /* OnBoardingItemModel.swift */,
			);
			path = Data;
			sourceTree = "<group>";
		};
		5CA6703F2BE40CF30030BF59 /* SubViews */ = {
			isa = PBXGroup;
			children = (
				5CA670402BE40D0D0030BF59 /* LoginButtonView.swift */,
			);
			path = SubViews;
			sourceTree = "<group>";
		};
		5CDA084C2B96E977001EBBEF /* Coordinator */ = {
			isa = PBXGroup;
			children = (
				5CDA084D2B96E9EF001EBBEF /* Coordinator.swift */,
				5CDA08532B96EAF2001EBBEF /* AppCoordinator.swift */,
				5C4F4CED2BE7D2B90040FD9C /* AuthCoordinator.swift */,
				5CDA08552B96EB7A001EBBEF /* TabBarCoordinator.swift */,
				5CDA08572B96EC00001EBBEF /* HomeTabCoordinator.swift */,
			);
			path = Coordinator;
			sourceTree = "<group>";
		};
		5CEA29672B99E763009DA889 /* ProductItem */ = {
			isa = PBXGroup;
			children = (
				12A2DE512B2FC4640027A253 /* ProductItemView.swift */,
				5CEA29682B99E7CC009DA889 /* ProductItemViewModel.swift */,
			);
			path = ProductItem;
			sourceTree = "<group>";
		};
		5CEA296A2B9A12B1009DA889 /* CartButtonView */ = {
			isa = PBXGroup;
			children = (
				1263ED9C2B6FFB8300658725 /* CartButtonView.swift */,
				5CEA296B2B9A12DF009DA889 /* CartButtonViewModel.swift */,
			);
			path = CartButtonView;
			sourceTree = "<group>";
		};
		5CEA297C2B9C8AB3009DA889 /* Assembly */ = {
			isa = PBXGroup;
			children = (
				5CEA297D2B9C8AB3009DA889 /* DependencyManager.swift */,
				5CEA29812B9CCFD7009DA889 /* CoordinatorAssembly.swift */,
				5CA670352BE3E4E20030BF59 /* AuthAssembly.swift */,
				5CEA297F2B9C8AE6009DA889 /* HomeAssembly.swift */,
				5CEA29832B9CCFE9009DA889 /* CartAssembly.swift */,
			);
			path = Assembly;
			sourceTree = "<group>";
		};
		5CEA29F12BA07F17009DA889 /* CartViewCell */ = {
			isa = PBXGroup;
			children = (
				1263ED9D2B6FFB8400658725 /* CartProductViewCell.swift */,
				5CEA29F22BA07F55009DA889 /* CartProductViewModelCell.swift */,
			);
			path = CartViewCell;
			sourceTree = "<group>";
		};
		5CF5E89B2B806B5E0096F7AB /* Domain */ = {
			isa = PBXGroup;
			children = (
				5CF5E89D2B806B8A0096F7AB /* UseCases */,
				5CF5E89E2B806B9D0096F7AB /* Repositories */,
				5CF5E89C2B806B750096F7AB /* Entities */,
			);
			path = Domain;
			sourceTree = "<group>";
		};
		5CF5E89C2B806B750096F7AB /* Entities */ = {
			isa = PBXGroup;
			children = (
				12A2DE492B2FC1230027A253 /* Product.swift */,
				5C431D1D2B89ACD90091BF09 /* ProductDetail.swift */,
				5C713B6B2B83599C0040AE10 /* Offer.swift */,
				5C45B0DF2B8F5C7800BE62F4 /* CartProduct.swift */,
				5C45B0E92B8F687100BE62F4 /* Models+Extension.swift */,
			);
			path = Entities;
			sourceTree = "<group>";
		};
		5CF5E89D2B806B8A0096F7AB /* UseCases */ = {
			isa = PBXGroup;
			children = (
				5CF5E8A92B8073090096F7AB /* ProductUseCase.swift */,
				5C431D192B89AC370091BF09 /* ProductDetailUseCase.swift */,
				5C713B6F2B835B2A0040AE10 /* OffersUseCase.swift */,
				5C45B0E12B8F5D5C00BE62F4 /* CartUseCase.swift */,
				5C3EB6782BE141230093BE26 /* VirtualTryUseCase.swift */,
				5CA5E6E42BE58191008641C1 /* AuthUseCase.swift */,
			);
			path = UseCases;
			sourceTree = "<group>";
		};
		5CF5E89E2B806B9D0096F7AB /* Repositories */ = {
			isa = PBXGroup;
			children = (
				5CF5E8A72B8072CB0096F7AB /* ProductRepositories.swift */,
				5C431D1B2B89ACA90091BF09 /* ProductDetailRepositories.swift */,
				5C713B6D2B835AEA0040AE10 /* OffersRepositories.swift */,
				5C45B0E32B8F5D7600BE62F4 /* CartRepositories.swift */,
				5C3EB67A2BE141780093BE26 /* VirtualTryRepositories.swift */,
				5CA5E6E22BE58175008641C1 /* AuthRepositories.swift */,
			);
			path = Repositories;
			sourceTree = "<group>";
		};
		5CF5E89F2B806C140096F7AB /* Data */ = {
			isa = PBXGroup;
			children = (
				12CC02802B29EDBD007C6F43 /* DataSource */,
				5CF5E8A02B806F270096F7AB /* DataRepositories */,
				12BE29232B2F959E00049E36 /* Models */,
			);
			path = Data;
			sourceTree = "<group>";
		};
		5CF5E8A02B806F270096F7AB /* DataRepositories */ = {
			isa = PBXGroup;
			children = (
				5CF5E8A52B80712C0096F7AB /* ProductSourceRepositories.swift */,
				5C431D152B89AB100091BF09 /* ProductSourceDetailRepositories.swift */,
				5C713B732B835BD90040AE10 /* OffersSourceRepositories.swift */,
				5C45B0E72B8F5E8900BE62F4 /* CartSourceRepositories.swift */,
				5C3EB67C2BE142C20093BE26 /* VirtualTrySourceRepositories.swift */,
				5CA5E6E02BE580F5008641C1 /* AuthSourceRepositories.swift */,
			);
			path = DataRepositories;
			sourceTree = "<group>";
		};
		5CF5E8A32B8070600096F7AB /* Local */ = {
			isa = PBXGroup;
			children = (
				5C91C3FF2B84A17600308218 /* ProductSource.json */,
				5C91C4032B85B15500308218 /* OfferSource.json */,
				5C431D132B899CB50091BF09 /* ProductSourceDetail.json */,
				5C45B0EB2B8F81F600BE62F4 /* CartProductContainer.xcdatamodeld */,
				5C45B0EE2B8F82AB00BE62F4 /* CoreDataManager.swift */,
			);
			path = Local;
			sourceTree = "<group>";
		};
		5CF5E8A42B8070730096F7AB /* Network */ = {
			isa = PBXGroup;
			children = (
				121F49592B2DCCC3000CD3BB /* LocalCacheImage.swift */,
				5C8E5DCC2BDFC97C00DEF02D /* EndPoints.swift */,
				5C3EB6832BE1723C0093BE26 /* UploadImage.swift */,
			);
			path = Network;
			sourceTree = "<group>";
		};
		97BA53092B370B810061DF1B /* Home */ = {
			isa = PBXGroup;
			children = (
				97BA530C2B370BE50061DF1B /* SubViews */,
				12EEBF302B246360003B0B0C /* HomeView.swift */,
				12BE29212B2F958300049E36 /* HomeViewModel.swift */,
			);
			path = Home;
			sourceTree = "<group>";
		};
		97BA530A2B370BA20061DF1B /* SubCategory */ = {
			isa = PBXGroup;
			children = (
				5C45B0D52B8EECC700BE62F4 /* SubViews */,
				97E0AE722B28F9CD0078BD74 /* SubCategoryView.swift */,
				12A2DE452B2FBDEF0027A253 /* SubCategoryViewModel.swift */,
			);
			path = SubCategory;
			sourceTree = "<group>";
		};
		97BA530B2B370BBB0061DF1B /* Product */ = {
			isa = PBXGroup;
			children = (
				12A2DE4D2B2FC1DB0027A253 /* ProductView.swift */,
				12A2DE4B2B2FC16B0027A253 /* ProductViewModel.swift */,
			);
			path = Product;
			sourceTree = "<group>";
		};
		97BA530C2B370BE50061DF1B /* SubViews */ = {
			isa = PBXGroup;
			children = (
				12BE291E2B2F94ED00049E36 /* QuickCategoryView.swift */,
				1295C06E2B30881D00C1F4CA /* OffersView.swift */,
				5C361CC12B7808DD00232B94 /* QuickSubCategoryView.swift */,
			);
			path = SubViews;
			sourceTree = "<group>";
		};
		97E0AE712B28F99E0078BD74 /* Screens */ = {
			isa = PBXGroup;
			children = (
				5CA6700F2BE1BF7C0030BF59 /* Auth */,
				5C713B692B834E930040AE10 /* Home */,
				5CEA296A2B9A12B1009DA889 /* CartButtonView */,
				1263ED9B2B6FFB6400658725 /* CartView */,
			);
			path = Screens;
			sourceTree = "<group>";
		};
/* End PBXGroup section */

/* Begin PBXNativeTarget section */
		12EEBF2A2B246360003B0B0C /* Metchik */ = {
			isa = PBXNativeTarget;
			buildConfigurationList = 12EEBF392B246362003B0B0C /* Build configuration list for PBXNativeTarget "Metchik" */;
			buildPhases = (
				12EEBF272B246360003B0B0C /* Sources */,
				12EEBF282B246360003B0B0C /* Frameworks */,
				12EEBF292B246360003B0B0C /* Resources */,
				5C3CE32B2B7F8A01003D296F /* Swift Lint */,
			);
			buildRules = (
			);
			dependencies = (
			);
			name = Metchik;
			packageProductDependencies = (
				5C3EB67F2BE146B50093BE26 /* Cloudinary */,
				12D726002BE1C57400640C35 /* Swinject */,
				12D726032BE1C59400640C35 /* Alamofire */,
			);
			productName = Metchik;
			productReference = 12EEBF2B2B246360003B0B0C /* Metchik.app */;
			productType = "com.apple.product-type.application";
		};
/* End PBXNativeTarget section */

/* Begin PBXProject section */
		12EEBF232B24635F003B0B0C /* Project object */ = {
			isa = PBXProject;
			attributes = {
				BuildIndependentTargetsInParallel = 1;
				LastSwiftUpdateCheck = 1330;
				LastUpgradeCheck = 1530;
				TargetAttributes = {
					12EEBF2A2B246360003B0B0C = {
						CreatedOnToolsVersion = 13.3;
					};
				};
			};
			buildConfigurationList = 12EEBF262B24635F003B0B0C /* Build configuration list for PBXProject "Metchik" */;
			compatibilityVersion = "Xcode 13.0";
			developmentRegion = en;
			hasScannedForEncodings = 0;
			knownRegions = (
				en,
				Base,
			);
			mainGroup = 12EEBF222B24635F003B0B0C;
			packageReferences = (
				5C3EB67E2BE146B50093BE26 /* XCRemoteSwiftPackageReference "cloudinary_ios" */,
				12D725FF2BE1C57400640C35 /* XCRemoteSwiftPackageReference "Swinject" */,
				12D726022BE1C59400640C35 /* XCRemoteSwiftPackageReference "Alamofire" */,
			);
			productRefGroup = 12EEBF2C2B246360003B0B0C /* Products */;
			projectDirPath = "";
			projectRoot = "";
			targets = (
				12EEBF2A2B246360003B0B0C /* Metchik */,
			);
		};
/* End PBXProject section */

/* Begin PBXResourcesBuildPhase section */
		12EEBF292B246360003B0B0C /* Resources */ = {
			isa = PBXResourcesBuildPhase;
			buildActionMask = 2147483647;
			files = (
				5C431D0F2B8750050091BF09 /* OfferSource.json in Resources */,
				5C82AE942B76F461001742E8 /* Poppins-Black.ttf in Resources */,
				5C82AE882B76F461001742E8 /* Poppins-ExtraLightItalic.ttf in Resources */,
				5C82AE922B76F461001742E8 /* Poppins-Thin.ttf in Resources */,
				5C82AE8A2B76F461001742E8 /* Poppins-Light.ttf in Resources */,
				5C431D142B899CB50091BF09 /* ProductSourceDetail.json in Resources */,
				5C91C4002B84A17600308218 /* ProductSource.json in Resources */,
				5C82AE972B76F461001742E8 /* Poppins-BoldItalic.ttf in Resources */,
				123612F02B2489B00087B346 /* Launch Screen.storyboard in Resources */,
				5C82AE962B76F461001742E8 /* Poppins-SemiBoldItalic.ttf in Resources */,
				5C82AE952B76F461001742E8 /* Poppins-ThinItalic.ttf in Resources */,
				5C82AE8B2B76F461001742E8 /* Poppins-ExtraBoldItalic.ttf in Resources */,
				12EEBF362B246362003B0B0C /* Preview Assets.xcassets in Resources */,
				5C82AE892B76F461001742E8 /* Poppins-Italic.ttf in Resources */,
				5C82AE932B76F461001742E8 /* Poppins-BlackItalic.ttf in Resources */,
				5C82AE8C2B76F461001742E8 /* OFL.txt in Resources */,
				5C82AE9A2B76F461001742E8 /* Poppins-SemiBold.ttf in Resources */,
				5C82AE902B76F461001742E8 /* Poppins-Bold.ttf in Resources */,
				5C82AE8F2B76F461001742E8 /* Poppins-ExtraBold.ttf in Resources */,
				5C82AE8D2B76F461001742E8 /* Poppins-LightItalic.ttf in Resources */,
				12EEBF332B246362003B0B0C /* Assets.xcassets in Resources */,
				5C82AE8E2B76F461001742E8 /* Poppins-Medium.ttf in Resources */,
				5C82AE912B76F461001742E8 /* Poppins-ExtraLight.ttf in Resources */,
				5C82AE992B76F461001742E8 /* Poppins-MediumItalic.ttf in Resources */,
				5CA670322BE3C9E70030BF59 /* OnBoardingItemSource.json in Resources */,
				5C82AE982B76F461001742E8 /* Poppins-Regular.ttf in Resources */,
			);
			runOnlyForDeploymentPostprocessing = 0;
		};
/* End PBXResourcesBuildPhase section */

/* Begin PBXShellScriptBuildPhase section */
		5C3CE32B2B7F8A01003D296F /* Swift Lint */ = {
			isa = PBXShellScriptBuildPhase;
			alwaysOutOfDate = 1;
			buildActionMask = 12;
			files = (
			);
			inputFileListPaths = (
			);
			inputPaths = (
				"${DWARF_DSYM_FOLDER_PATH}/${DWARF_DSYM_FILE_NAME}/Contents/Resources/DWARF/${TARGET_NAME}",
				"$(SRCROOT)/$(BUILT_PRODUCTS_DIR)/$(INFOPLIST_PATH)",
			);
			name = "Swift Lint";
			outputFileListPaths = (
			);
			outputPaths = (
			);
			runOnlyForDeploymentPostprocessing = 0;
			shellPath = /bin/sh;
			shellScript = "if [[ \"$(uname -m)\" == arm64 ]]; then\n    export PATH=\"/opt/homebrew/bin:$PATH\"\nfi\n\nif which swiftlint > /dev/null; then\n  swiftlint\nelse\n  echo \"warning: SwiftLint not installed, download from https://github.com/realm/SwiftLint\"\nfi\n";
		};
/* End PBXShellScriptBuildPhase section */

/* Begin PBXSourcesBuildPhase section */
		12EEBF272B246360003B0B0C /* Sources */ = {
			isa = PBXSourcesBuildPhase;
			buildActionMask = 2147483647;
			files = (
				5CDA08502B96EA62001EBBEF /* AppDelegate.swift in Sources */,
				5C45B0E02B8F5C7800BE62F4 /* CartProduct.swift in Sources */,
				5C45B0E22B8F5D5C00BE62F4 /* CartUseCase.swift in Sources */,
				5C713B722B835B920040AE10 /* OfferSource.swift in Sources */,
				5C431D222B89BA3B0091BF09 /* StepperView.swift in Sources */,
				5C713B702B835B2A0040AE10 /* OffersUseCase.swift in Sources */,
				5CF5E8A22B806FF50096F7AB /* ProductSource.swift in Sources */,
				5C713B742B835BD90040AE10 /* OffersSourceRepositories.swift in Sources */,
				5CA670302BE3C9B80030BF59 /* OnBoardingRepositories.swift in Sources */,
				5CDA08522B96EA99001EBBEF /* SceneDelegate.swift in Sources */,
				5CEA29F32BA07F55009DA889 /* CartProductViewModelCell.swift in Sources */,
				121BD4E62B344D05000126C6 /* UIApplication.swift in Sources */,
				12EEBF312B246360003B0B0C /* HomeView.swift in Sources */,
				12A2DE462B2FBDEF0027A253 /* SubCategoryViewModel.swift in Sources */,
				5C45B0E62B8F5E1E00BE62F4 /* CartProductSource.swift in Sources */,
				5C91C6BD2B795037006A018C /* ProductSizeSectionView.swift in Sources */,
				5CA670342BE3CB470030BF59 /* OnBoardingItemModel.swift in Sources */,
				5C91C4102B85E34A00308218 /* HapticsManager.swift in Sources */,
				5CF5E8A62B80712C0096F7AB /* ProductSourceRepositories.swift in Sources */,
				5CA670162BE1C0030030BF59 /* SplashView.swift in Sources */,
				5C45B0E42B8F5D7600BE62F4 /* CartRepositories.swift in Sources */,
				5C8E5DBE2BDFBB0000DEF02D /* BaseRequest.swift in Sources */,
				5CA670252BE3332B0030BF59 /* OnBoardingInfoView.swift in Sources */,
				5CA5E6E12BE580F5008641C1 /* AuthSourceRepositories.swift in Sources */,
				5C431D1E2B89ACD90091BF09 /* ProductDetail.swift in Sources */,
				121F495A2B2DCCC3000CD3BB /* LocalCacheImage.swift in Sources */,
				5C3EB67B2BE141780093BE26 /* VirtualTryRepositories.swift in Sources */,
				1263EDA02B6FFB8400658725 /* CartProductViewCell.swift in Sources */,
				5C91C4022B84A1FF00308218 /* JSONDecoder.swift in Sources */,
				5C45B0E82B8F5E8900BE62F4 /* CartSourceRepositories.swift in Sources */,
				5C3EB67D2BE142C20093BE26 /* VirtualTrySourceRepositories.swift in Sources */,
				5C431D262B89BACE0091BF09 /* AddToCartSectionView.swift in Sources */,
				5CA670232BE332B40030BF59 /* OnBoardingView.swift in Sources */,
				5CA5E6E52BE58191008641C1 /* AuthUseCase.swift in Sources */,
				5CA670412BE40D0D0030BF59 /* LoginButtonView.swift in Sources */,
				5C8E5DC52BDFBB3900DEF02D /* RemoteError.swift in Sources */,
				5CA670452BE455530030BF59 /* SignUpView.swift in Sources */,
				5C3EB6842BE1723C0093BE26 /* UploadImage.swift in Sources */,
				5CA5E6E32BE58175008641C1 /* AuthRepositories.swift in Sources */,
				5CA670472BE455CD0030BF59 /* SignUpViewModel.swift in Sources */,
				5C8E5DCB2BDFBBA400DEF02D /* Task.swift in Sources */,
				5C431D1C2B89ACA90091BF09 /* ProductDetailRepositories.swift in Sources */,
				5CF5E8A82B8072CB0096F7AB /* ProductRepositories.swift in Sources */,
				5CDA08582B96EC00001EBBEF /* HomeTabCoordinator.swift in Sources */,
				5C431D282B89BB3E0091BF09 /* ProductDescriptionSectionView.swift in Sources */,
				5CA670272BE3C7B20030BF59 /* OnBoardingViewModel.swift in Sources */,
				5C11CCAF2B94A15D00A1ED63 /* BackButton.swift in Sources */,
				5CA670382BE3F28E0030BF59 /* SplashViewModel.swift in Sources */,
				5C45B0DE2B8F069200BE62F4 /* CartPromoCodeSection.swift in Sources */,
				5CA6702E2BE3C8FB0030BF59 /* OnBoardingUseCase.swift in Sources */,
				5C45B0DC2B8EFFEB00BE62F4 /* CartViewModel.swift in Sources */,
				5CEA29802B9C8AE6009DA889 /* HomeAssembly.swift in Sources */,
				5C11CCAB2B93338700A1ED63 /* Assets.swift in Sources */,
				5CF5E8AA2B8073090096F7AB /* ProductUseCase.swift in Sources */,
				5CDA08562B96EB7A001EBBEF /* TabBarCoordinator.swift in Sources */,
				5C4F4CEE2BE7D2B90040FD9C /* AuthCoordinator.swift in Sources */,
				5C45B0872B8AF3CB00BE62F4 /* NavigationView.swift in Sources */,
				12A2DE522B2FC4640027A253 /* ProductItemView.swift in Sources */,
				5C3EB6752BE1285D0093BE26 /* VirtualTryView.swift in Sources */,
				123612E92B2480A10087B346 /* LaunchView.swift in Sources */,
				1295C06F2B30881D00C1F4CA /* OffersView.swift in Sources */,
				5C45B0EA2B8F687100BE62F4 /* Models+Extension.swift in Sources */,
				5C431D202B89B8310091BF09 /* ProductImagesSectionView.swift in Sources */,
				5CA670432BE4402A0030BF59 /* InputView.swift in Sources */,
				5C469C092B9716A2004DD1A0 /* Router.swift in Sources */,
				5C3EB6822BE14E440093BE26 /* VirtualTrySource.swift in Sources */,
				12BE291F2B2F94ED00049E36 /* QuickCategoryView.swift in Sources */,
				1263EDA12B6FFB8400658725 /* CartView.swift in Sources */,
				5C3EB6792BE141230093BE26 /* VirtualTryUseCase.swift in Sources */,
				125D25A82BE0A95F002967F4 /* VirtualTryButtonView.swift in Sources */,
				5C45B0D82B8EFDA500BE62F4 /* CartProuctSectionView.swift in Sources */,
				5C431D122B893B520091BF09 /* ProductDetailViewModel.swift in Sources */,
				5C431D1A2B89AC370091BF09 /* ProductDetailUseCase.swift in Sources */,
				12A2DE4E2B2FC1DB0027A253 /* ProductView.swift in Sources */,
				5C82AE9C2B76F485001742E8 /* Fonts.swift in Sources */,
				5C3EB6772BE134600093BE26 /* VirtualTryViewModel.swift in Sources */,
				5C5A6D202B92114F0013E0B2 /* Color.swift in Sources */,
				5CA6702C2BE3C8260030BF59 /* OnBoardingItem.swift in Sources */,
				5C431D162B89AB100091BF09 /* ProductSourceDetailRepositories.swift in Sources */,
				97E0AE732B28F9CD0078BD74 /* SubCategoryView.swift in Sources */,
				5C45B0EF2B8F82AB00BE62F4 /* CoreDataManager.swift in Sources */,
				5CEA297E2B9C8AB3009DA889 /* DependencyManager.swift in Sources */,
				5C431D242B89BA7E0091BF09 /* ProductMetaView.swift in Sources */,
				5CDA08542B96EAF2001EBBEF /* AppCoordinator.swift in Sources */,
				5CDA084E2B96E9EF001EBBEF /* Coordinator.swift in Sources */,
				5C713B6C2B83599C0040AE10 /* Offer.swift in Sources */,
				5CA6703C2BE3FF530030BF59 /* LoginView.swift in Sources */,
				5CEA29842B9CCFE9009DA889 /* CartAssembly.swift in Sources */,
				12BE29222B2F958300049E36 /* HomeViewModel.swift in Sources */,
				5CA670362BE3E4E20030BF59 /* AuthAssembly.swift in Sources */,
				97BA53082B37022A0061DF1B /* SubCategoryCardView.swift in Sources */,
				12A2DE4A2B2FC1230027A253 /* Product.swift in Sources */,
				121BD4E42B344B58000126C6 /* SearchBarView.swift in Sources */,
				5C45B0DA2B8EFDB600BE62F4 /* CartPricingSectionView.swift in Sources */,
				1263ED9F2B6FFB8400658725 /* CartButtonView.swift in Sources */,
				12A2DE4C2B2FC16B0027A253 /* ProductViewModel.swift in Sources */,
				5C431D2A2B89CF250091BF09 /* ProductColorsView.swift in Sources */,
				5C431D182B89ABF60091BF09 /* ProductSourceDetail.swift in Sources */,
				5CEA29692B99E7CC009DA889 /* ProductItemViewModel.swift in Sources */,
				5CEA29822B9CCFD7009DA889 /* CoordinatorAssembly.swift in Sources */,
				5C8E5DC72BDFBB6200DEF02D /* ResponseHandler.swift in Sources */,
				5C469C0B2B9716B7004DD1A0 /* AppRouter.swift in Sources */,
				5C45B0ED2B8F81F600BE62F4 /* CartProductContainer.xcdatamodeld in Sources */,
				12C8BABF2B3523D600AEA6C9 /* ImagePicker.swift in Sources */,
				5C8E5DC92BDFBB9100DEF02D /* ServiceLayer.swift in Sources */,
				12A2DE542B2FC5FB0027A253 /* ProductDetailView.swift in Sources */,
				5C361CC22B7808DD00232B94 /* QuickSubCategoryView.swift in Sources */,
				5CA6703E2BE400850030BF59 /* LoginViewModel.swift in Sources */,
				5CEA296C2B9A12DF009DA889 /* CartButtonViewModel.swift in Sources */,
				5C8E5DCD2BDFC97C00DEF02D /* EndPoints.swift in Sources */,
				5C713B6E2B835AEA0040AE10 /* OffersRepositories.swift in Sources */,
			);
			runOnlyForDeploymentPostprocessing = 0;
		};
/* End PBXSourcesBuildPhase section */

/* Begin XCBuildConfiguration section */
		12EEBF372B246362003B0B0C /* Debug */ = {
			isa = XCBuildConfiguration;
			buildSettings = {
				ALWAYS_SEARCH_USER_PATHS = NO;
				ASSETCATALOG_COMPILER_GENERATE_SWIFT_ASSET_SYMBOL_EXTENSIONS = YES;
				CLANG_ANALYZER_NONNULL = YES;
				CLANG_ANALYZER_NUMBER_OBJECT_CONVERSION = YES_AGGRESSIVE;
				CLANG_CXX_LANGUAGE_STANDARD = "gnu++17";
				CLANG_ENABLE_MODULES = YES;
				CLANG_ENABLE_OBJC_ARC = YES;
				CLANG_ENABLE_OBJC_WEAK = YES;
				CLANG_WARN_BLOCK_CAPTURE_AUTORELEASING = YES;
				CLANG_WARN_BOOL_CONVERSION = YES;
				CLANG_WARN_COMMA = YES;
				CLANG_WARN_CONSTANT_CONVERSION = YES;
				CLANG_WARN_DEPRECATED_OBJC_IMPLEMENTATIONS = YES;
				CLANG_WARN_DIRECT_OBJC_ISA_USAGE = YES_ERROR;
				CLANG_WARN_DOCUMENTATION_COMMENTS = YES;
				CLANG_WARN_EMPTY_BODY = YES;
				CLANG_WARN_ENUM_CONVERSION = YES;
				CLANG_WARN_INFINITE_RECURSION = YES;
				CLANG_WARN_INT_CONVERSION = YES;
				CLANG_WARN_NON_LITERAL_NULL_CONVERSION = YES;
				CLANG_WARN_OBJC_IMPLICIT_RETAIN_SELF = YES;
				CLANG_WARN_OBJC_LITERAL_CONVERSION = YES;
				CLANG_WARN_OBJC_ROOT_CLASS = YES_ERROR;
				CLANG_WARN_QUOTED_INCLUDE_IN_FRAMEWORK_HEADER = YES;
				CLANG_WARN_RANGE_LOOP_ANALYSIS = YES;
				CLANG_WARN_STRICT_PROTOTYPES = YES;
				CLANG_WARN_SUSPICIOUS_MOVE = YES;
				CLANG_WARN_UNGUARDED_AVAILABILITY = YES_AGGRESSIVE;
				CLANG_WARN_UNREACHABLE_CODE = YES;
				CLANG_WARN__DUPLICATE_METHOD_MATCH = YES;
				COPY_PHASE_STRIP = NO;
				DEBUG_INFORMATION_FORMAT = dwarf;
				ENABLE_STRICT_OBJC_MSGSEND = YES;
				ENABLE_TESTABILITY = YES;
				ENABLE_USER_SCRIPT_SANDBOXING = NO;
				GCC_C_LANGUAGE_STANDARD = gnu11;
				GCC_DYNAMIC_NO_PIC = NO;
				GCC_NO_COMMON_BLOCKS = YES;
				GCC_OPTIMIZATION_LEVEL = 0;
				GCC_PREPROCESSOR_DEFINITIONS = (
					"DEBUG=1",
					"$(inherited)",
				);
				GCC_WARN_64_TO_32_BIT_CONVERSION = YES;
				GCC_WARN_ABOUT_RETURN_TYPE = YES_ERROR;
				GCC_WARN_UNDECLARED_SELECTOR = YES;
				GCC_WARN_UNINITIALIZED_AUTOS = YES_AGGRESSIVE;
				GCC_WARN_UNUSED_FUNCTION = YES;
				GCC_WARN_UNUSED_VARIABLE = YES;
				IPHONEOS_DEPLOYMENT_TARGET = 15.4;
				MTL_ENABLE_DEBUG_INFO = INCLUDE_SOURCE;
				MTL_FAST_MATH = YES;
				ONLY_ACTIVE_ARCH = YES;
				SDKROOT = iphoneos;
				SWIFT_ACTIVE_COMPILATION_CONDITIONS = DEBUG;
				SWIFT_OPTIMIZATION_LEVEL = "-Onone";
			};
			name = Debug;
		};
		12EEBF382B246362003B0B0C /* Release */ = {
			isa = XCBuildConfiguration;
			buildSettings = {
				ALWAYS_SEARCH_USER_PATHS = NO;
				ASSETCATALOG_COMPILER_GENERATE_SWIFT_ASSET_SYMBOL_EXTENSIONS = YES;
				CLANG_ANALYZER_NONNULL = YES;
				CLANG_ANALYZER_NUMBER_OBJECT_CONVERSION = YES_AGGRESSIVE;
				CLANG_CXX_LANGUAGE_STANDARD = "gnu++17";
				CLANG_ENABLE_MODULES = YES;
				CLANG_ENABLE_OBJC_ARC = YES;
				CLANG_ENABLE_OBJC_WEAK = YES;
				CLANG_WARN_BLOCK_CAPTURE_AUTORELEASING = YES;
				CLANG_WARN_BOOL_CONVERSION = YES;
				CLANG_WARN_COMMA = YES;
				CLANG_WARN_CONSTANT_CONVERSION = YES;
				CLANG_WARN_DEPRECATED_OBJC_IMPLEMENTATIONS = YES;
				CLANG_WARN_DIRECT_OBJC_ISA_USAGE = YES_ERROR;
				CLANG_WARN_DOCUMENTATION_COMMENTS = YES;
				CLANG_WARN_EMPTY_BODY = YES;
				CLANG_WARN_ENUM_CONVERSION = YES;
				CLANG_WARN_INFINITE_RECURSION = YES;
				CLANG_WARN_INT_CONVERSION = YES;
				CLANG_WARN_NON_LITERAL_NULL_CONVERSION = YES;
				CLANG_WARN_OBJC_IMPLICIT_RETAIN_SELF = YES;
				CLANG_WARN_OBJC_LITERAL_CONVERSION = YES;
				CLANG_WARN_OBJC_ROOT_CLASS = YES_ERROR;
				CLANG_WARN_QUOTED_INCLUDE_IN_FRAMEWORK_HEADER = YES;
				CLANG_WARN_RANGE_LOOP_ANALYSIS = YES;
				CLANG_WARN_STRICT_PROTOTYPES = YES;
				CLANG_WARN_SUSPICIOUS_MOVE = YES;
				CLANG_WARN_UNGUARDED_AVAILABILITY = YES_AGGRESSIVE;
				CLANG_WARN_UNREACHABLE_CODE = YES;
				CLANG_WARN__DUPLICATE_METHOD_MATCH = YES;
				COPY_PHASE_STRIP = NO;
				DEBUG_INFORMATION_FORMAT = "dwarf-with-dsym";
				ENABLE_NS_ASSERTIONS = NO;
				ENABLE_STRICT_OBJC_MSGSEND = YES;
				ENABLE_USER_SCRIPT_SANDBOXING = NO;
				GCC_C_LANGUAGE_STANDARD = gnu11;
				GCC_NO_COMMON_BLOCKS = YES;
				GCC_WARN_64_TO_32_BIT_CONVERSION = YES;
				GCC_WARN_ABOUT_RETURN_TYPE = YES_ERROR;
				GCC_WARN_UNDECLARED_SELECTOR = YES;
				GCC_WARN_UNINITIALIZED_AUTOS = YES_AGGRESSIVE;
				GCC_WARN_UNUSED_FUNCTION = YES;
				GCC_WARN_UNUSED_VARIABLE = YES;
				IPHONEOS_DEPLOYMENT_TARGET = 15.4;
				MTL_ENABLE_DEBUG_INFO = NO;
				MTL_FAST_MATH = YES;
				SDKROOT = iphoneos;
				SWIFT_COMPILATION_MODE = wholemodule;
				SWIFT_OPTIMIZATION_LEVEL = "-O";
				VALIDATE_PRODUCT = YES;
			};
			name = Release;
		};
		12EEBF3A2B246362003B0B0C /* Debug */ = {
			isa = XCBuildConfiguration;
			buildSettings = {
				ASSETCATALOG_COMPILER_APPICON_NAME = AppIcon;
				ASSETCATALOG_COMPILER_GLOBAL_ACCENT_COLOR_NAME = AccentColor;
				CODE_SIGN_STYLE = Automatic;
				CURRENT_PROJECT_VERSION = 1;
				DEVELOPMENT_ASSET_PATHS = "\"Metchik/Preview Content\"";
				DEVELOPMENT_TEAM = S3RJ79YN6K;
				ENABLE_PREVIEWS = YES;
				GENERATE_INFOPLIST_FILE = YES;
				INFOPLIST_FILE = Metchik/Info.plist;
				INFOPLIST_KEY_UIApplicationSupportsIndirectInputEvents = YES;
				INFOPLIST_KEY_UILaunchScreen_Generation = YES;
				INFOPLIST_KEY_UILaunchStoryboardName = "Launch Screen";
				INFOPLIST_KEY_UISupportedInterfaceOrientations_iPad = "UIInterfaceOrientationPortrait UIInterfaceOrientationPortraitUpsideDown UIInterfaceOrientationLandscapeLeft UIInterfaceOrientationLandscapeRight";
				INFOPLIST_KEY_UISupportedInterfaceOrientations_iPhone = "UIInterfaceOrientationPortrait UIInterfaceOrientationLandscapeLeft UIInterfaceOrientationLandscapeRight";
				LD_RUNPATH_SEARCH_PATHS = (
					"$(inherited)",
					"@executable_path/Frameworks",
				);
				MARKETING_VERSION = 1.0;
				PRODUCT_BUNDLE_IDENTIFIER = graduation.project.com.Metchik;
				PRODUCT_NAME = "$(TARGET_NAME)";
				SWIFT_EMIT_LOC_STRINGS = YES;
				SWIFT_VERSION = 5.0;
				TARGETED_DEVICE_FAMILY = "1,2";
			};
			name = Debug;
		};
		12EEBF3B2B246362003B0B0C /* Release */ = {
			isa = XCBuildConfiguration;
			buildSettings = {
				ASSETCATALOG_COMPILER_APPICON_NAME = AppIcon;
				ASSETCATALOG_COMPILER_GLOBAL_ACCENT_COLOR_NAME = AccentColor;
				CODE_SIGN_STYLE = Automatic;
				CURRENT_PROJECT_VERSION = 1;
				DEVELOPMENT_ASSET_PATHS = "\"Metchik/Preview Content\"";
				DEVELOPMENT_TEAM = S3RJ79YN6K;
				ENABLE_PREVIEWS = YES;
				GENERATE_INFOPLIST_FILE = YES;
				INFOPLIST_FILE = Metchik/Info.plist;
				INFOPLIST_KEY_UIApplicationSupportsIndirectInputEvents = YES;
				INFOPLIST_KEY_UILaunchScreen_Generation = YES;
				INFOPLIST_KEY_UILaunchStoryboardName = "Launch Screen";
				INFOPLIST_KEY_UISupportedInterfaceOrientations_iPad = "UIInterfaceOrientationPortrait UIInterfaceOrientationPortraitUpsideDown UIInterfaceOrientationLandscapeLeft UIInterfaceOrientationLandscapeRight";
				INFOPLIST_KEY_UISupportedInterfaceOrientations_iPhone = "UIInterfaceOrientationPortrait UIInterfaceOrientationLandscapeLeft UIInterfaceOrientationLandscapeRight";
				LD_RUNPATH_SEARCH_PATHS = (
					"$(inherited)",
					"@executable_path/Frameworks",
				);
				MARKETING_VERSION = 1.0;
				PRODUCT_BUNDLE_IDENTIFIER = graduation.project.com.Metchik;
				PRODUCT_NAME = "$(TARGET_NAME)";
				SWIFT_EMIT_LOC_STRINGS = YES;
				SWIFT_VERSION = 5.0;
				TARGETED_DEVICE_FAMILY = "1,2";
			};
			name = Release;
		};
/* End XCBuildConfiguration section */

/* Begin XCConfigurationList section */
		12EEBF262B24635F003B0B0C /* Build configuration list for PBXProject "Metchik" */ = {
			isa = XCConfigurationList;
			buildConfigurations = (
				12EEBF372B246362003B0B0C /* Debug */,
				12EEBF382B246362003B0B0C /* Release */,
			);
			defaultConfigurationIsVisible = 0;
			defaultConfigurationName = Release;
		};
		12EEBF392B246362003B0B0C /* Build configuration list for PBXNativeTarget "Metchik" */ = {
			isa = XCConfigurationList;
			buildConfigurations = (
				12EEBF3A2B246362003B0B0C /* Debug */,
				12EEBF3B2B246362003B0B0C /* Release */,
			);
			defaultConfigurationIsVisible = 0;
			defaultConfigurationName = Release;
		};
/* End XCConfigurationList section */

/* Begin XCRemoteSwiftPackageReference section */
		12D725FF2BE1C57400640C35 /* XCRemoteSwiftPackageReference "Swinject" */ = {
			isa = XCRemoteSwiftPackageReference;
			repositoryURL = "https://github.com/Swinject/Swinject";
			requirement = {
				kind = exactVersion;
				version = 2.8.0;
			};
		};
		12D726022BE1C59400640C35 /* XCRemoteSwiftPackageReference "Alamofire" */ = {
			isa = XCRemoteSwiftPackageReference;
			repositoryURL = "https://github.com/Alamofire/Alamofire";
			requirement = {
				kind = exactVersion;
				version = 5.8.0;
			};
		};
		5C3EB67E2BE146B50093BE26 /* XCRemoteSwiftPackageReference "cloudinary_ios" */ = {
			isa = XCRemoteSwiftPackageReference;
			repositoryURL = "https://github.com/cloudinary/cloudinary_ios.git";
			requirement = {
				kind = exactVersion;
				version = 5.0.0;
			};
		};
/* End XCRemoteSwiftPackageReference section */

/* Begin XCSwiftPackageProductDependency section */
		12D726002BE1C57400640C35 /* Swinject */ = {
			isa = XCSwiftPackageProductDependency;
			package = 12D725FF2BE1C57400640C35 /* XCRemoteSwiftPackageReference "Swinject" */;
			productName = Swinject;
		};
		12D726032BE1C59400640C35 /* Alamofire */ = {
			isa = XCSwiftPackageProductDependency;
			package = 12D726022BE1C59400640C35 /* XCRemoteSwiftPackageReference "Alamofire" */;
			productName = Alamofire;
		};
		5C3EB67F2BE146B50093BE26 /* Cloudinary */ = {
			isa = XCSwiftPackageProductDependency;
			package = 5C3EB67E2BE146B50093BE26 /* XCRemoteSwiftPackageReference "cloudinary_ios" */;
			productName = Cloudinary;
		};
/* End XCSwiftPackageProductDependency section */

/* Begin XCVersionGroup section */
		5C45B0EB2B8F81F600BE62F4 /* CartProductContainer.xcdatamodeld */ = {
			isa = XCVersionGroup;
			children = (
				5C45B0EC2B8F81F600BE62F4 /* CartProductContainer.xcdatamodel */,
			);
			currentVersion = 5C45B0EC2B8F81F600BE62F4 /* CartProductContainer.xcdatamodel */;
			path = CartProductContainer.xcdatamodeld;
			sourceTree = "<group>";
			versionGroupType = wrapper.xcdatamodel;
		};
/* End XCVersionGroup section */
	};
	rootObject = 12EEBF232B24635F003B0B0C /* Project object */;
}
